{
  "object": {
    "pins": [
      {
        "package": "CwlCatchException",
        "repositoryURL": "https://github.com/mattgallagher/CwlCatchException.git",
        "state": {
          "branch": null,
          "revision": "682841464136f8c66e04afe5dbd01ab51a3a56f2",
          "version": "2.1.0"
        }
      },
      {
        "package": "CwlPreconditionTesting",
        "repositoryURL": "https://github.com/mattgallagher/CwlPreconditionTesting.git",
        "state": {
          "branch": null,
          "revision": "02b7a39a99c4da27abe03cab2053a9034379639f",
          "version": "2.0.0"
        }
      },
      {
        "package": "MGFlipView",
        "repositoryURL": "https://github.com/Zaprogramiacz/MGFlipView",
        "state": {
          "branch": null,
          "revision": "12e9f23696541b71b2fca9b3fae207867baef9e2",
          "version": "1.1.0"
        }
      },
      {
        "package": "Nimble",
        "repositoryURL": "https://github.com/Quick/Nimble",
        "state": {
          "branch": null,
          "revision": "af1730dde4e6c0d45bf01b99f8a41713ce536790",
          "version": "9.2.0"
        }
      },
      {
        "package": "Parse-Swift",
        "repositoryURL": "https://github.com/parse-community/Parse-Swift",
        "state": {
          "branch": null,
          "revision": "f6330ac803803e2ff3f266245311fa1795593c32",
          "version": "1.8.4"
        }
      },
      {
        "package": "Quick",
        "repositoryURL": "https://github.com/Quick/Quick",
        "state": {
          "branch": null,
          "revision": "bd86ca0141e3cfb333546de5a11ede63f0c4a0e6",
          "version": "4.0.0"
        }
      },
      {
        "package": "SwiftDux",
        "repositoryURL": "https://github.com/StevenLambion/SwiftDux",
        "state": {
          "branch": null,
          "revision": "3b0693d7c4bd5ee8d1cdcab86fbcbbc75ddd14a2",
          "version": "2.0.1"
        }
      },
      {
        "package": "SwiftyBeaver",
        "repositoryURL": "https://github.com/SwiftyBeaver/SwiftyBeaver",
        "state": {
          "branch": null,
          "revision": "2c039501d6eeb4d4cd4aec4a8d884ad28862e044",
          "version": "1.9.5"
        }
      },
      {
        "package": "ValidatedPropertyKit",
        "repositoryURL": "https://github.com/SvenTiigi/ValidatedPropertyKit",
        "state": {
          "branch": null,
          "revision": "1fc8adb98ce016700645ef17161c4583a8200cee",
          "version": "0.0.5"
        }
      }
    ]
  },
  "version": 1
}
