// !$*UTF8*$!
{
	archiveVersion = 1;
	classes = {
	};
	objectVersion = 55;
	objects = {

/* Begin PBXBuildFile section */
		8E79C13526961891002D2A8B /* MGFlipView in Frameworks */ = {isa = PBXBuildFile; productRef = 8E79C13426961891002D2A8B /* MGFlipView */; };
		8E79C13726961898002D2A8B /* MGFlipView in Frameworks */ = {isa = PBXBuildFile; productRef = 8E79C13626961898002D2A8B /* MGFlipView */; };
		8E79C139269618BE002D2A8B /* JoinPage.swift in Sources */ = {isa = PBXBuildFile; fileRef = 8E79C138269618BE002D2A8B /* JoinPage.swift */; };
		8E79C13A269618BE002D2A8B /* JoinPage.swift in Sources */ = {isa = PBXBuildFile; fileRef = 8E79C138269618BE002D2A8B /* JoinPage.swift */; };
		8E79C13C269619C0002D2A8B /* SignInWithAppleButton.swift in Sources */ = {isa = PBXBuildFile; fileRef = 8E79C13B269619C0002D2A8B /* SignInWithAppleButton.swift */; };
		8E79C13D269619C0002D2A8B /* SignInWithAppleButton.swift in Sources */ = {isa = PBXBuildFile; fileRef = 8E79C13B269619C0002D2A8B /* SignInWithAppleButton.swift */; };
		8E79C140269786F9002D2A8B /* MessageState.swift in Sources */ = {isa = PBXBuildFile; fileRef = 8E79C13F269786F9002D2A8B /* MessageState.swift */; };
		8E79C141269786F9002D2A8B /* MessageState.swift in Sources */ = {isa = PBXBuildFile; fileRef = 8E79C13F269786F9002D2A8B /* MessageState.swift */; };
		8E79C14326978778002D2A8B /* Message.swift in Sources */ = {isa = PBXBuildFile; fileRef = 8E79C14226978778002D2A8B /* Message.swift */; };
		8E79C14426978778002D2A8B /* Message.swift in Sources */ = {isa = PBXBuildFile; fileRef = 8E79C14226978778002D2A8B /* Message.swift */; };
		8E79C14626978828002D2A8B /* MessageReducer.swift in Sources */ = {isa = PBXBuildFile; fileRef = 8E79C14526978828002D2A8B /* MessageReducer.swift */; };
		8E79C14726978828002D2A8B /* MessageReducer.swift in Sources */ = {isa = PBXBuildFile; fileRef = 8E79C14526978828002D2A8B /* MessageReducer.swift */; };
		8E79C14926978898002D2A8B /* MessageAction.swift in Sources */ = {isa = PBXBuildFile; fileRef = 8E79C14826978898002D2A8B /* MessageAction.swift */; };
		8E79C14A26978898002D2A8B /* MessageAction.swift in Sources */ = {isa = PBXBuildFile; fileRef = 8E79C14826978898002D2A8B /* MessageAction.swift */; };
		8E79C14D269791EA002D2A8B /* ValidatedPropertyKit in Frameworks */ = {isa = PBXBuildFile; productRef = 8E79C14C269791EA002D2A8B /* ValidatedPropertyKit */; };
		8E79C14F269791F4002D2A8B /* ValidatedPropertyKit in Frameworks */ = {isa = PBXBuildFile; productRef = 8E79C14E269791F4002D2A8B /* ValidatedPropertyKit */; };
		8EA4D27D26938D1000C0A037 /* TextFieldStyle.swift in Sources */ = {isa = PBXBuildFile; fileRef = 8EA4D27C26938D1000C0A037 /* TextFieldStyle.swift */; };
		8EA4D27E26938D1100C0A037 /* TextFieldStyle.swift in Sources */ = {isa = PBXBuildFile; fileRef = 8EA4D27C26938D1000C0A037 /* TextFieldStyle.swift */; };
		8EA4D28126939DE100C0A037 /* EmailTextField.swift in Sources */ = {isa = PBXBuildFile; fileRef = 8EA4D28026939DE100C0A037 /* EmailTextField.swift */; };
		8EA4D28226939DE100C0A037 /* EmailTextField.swift in Sources */ = {isa = PBXBuildFile; fileRef = 8EA4D28026939DE100C0A037 /* EmailTextField.swift */; };
		8EA4D28426939E6400C0A037 /* PasswordTextField.swift in Sources */ = {isa = PBXBuildFile; fileRef = 8EA4D28326939E6400C0A037 /* PasswordTextField.swift */; };
		8EA4D28526939E6400C0A037 /* PasswordTextField.swift in Sources */ = {isa = PBXBuildFile; fileRef = 8EA4D28326939E6400C0A037 /* PasswordTextField.swift */; };
		8EA4D2872693A22A00C0A037 /* SignUpPage.swift in Sources */ = {isa = PBXBuildFile; fileRef = 8EA4D2862693A22A00C0A037 /* SignUpPage.swift */; };
		8EA4D2882693A22A00C0A037 /* SignUpPage.swift in Sources */ = {isa = PBXBuildFile; fileRef = 8EA4D2862693A22A00C0A037 /* SignUpPage.swift */; };
		8EBC051B2699C065008B2478 /* AnyPublisher+Empty.swift in Sources */ = {isa = PBXBuildFile; fileRef = 8EBC051A2699C065008B2478 /* AnyPublisher+Empty.swift */; };
		8EBC051C2699C065008B2478 /* AnyPublisher+Empty.swift in Sources */ = {isa = PBXBuildFile; fileRef = 8EBC051A2699C065008B2478 /* AnyPublisher+Empty.swift */; };
		8EBC051E2699C10C008B2478 /* UnverifiedEmailPage.swift in Sources */ = {isa = PBXBuildFile; fileRef = 8EBC051D2699C10C008B2478 /* UnverifiedEmailPage.swift */; };
		8EBC051F2699C10C008B2478 /* UnverifiedEmailPage.swift in Sources */ = {isa = PBXBuildFile; fileRef = 8EBC051D2699C10C008B2478 /* UnverifiedEmailPage.swift */; };
		8EBC05212699C55C008B2478 /* Background.swift in Sources */ = {isa = PBXBuildFile; fileRef = 8EBC05202699C55C008B2478 /* Background.swift */; };
		8EBC05222699C55C008B2478 /* Background.swift in Sources */ = {isa = PBXBuildFile; fileRef = 8EBC05202699C55C008B2478 /* Background.swift */; };
		8EBC05242699C926008B2478 /* MaterialBackground.swift in Sources */ = {isa = PBXBuildFile; fileRef = 8EBC05232699C926008B2478 /* MaterialBackground.swift */; };
		8EBC05252699C926008B2478 /* MaterialBackground.swift in Sources */ = {isa = PBXBuildFile; fileRef = 8EBC05232699C926008B2478 /* MaterialBackground.swift */; };
		8EBC052D2699CB52008B2478 /* PrimaryButton.swift in Sources */ = {isa = PBXBuildFile; fileRef = 8EBC052C2699CB52008B2478 /* PrimaryButton.swift */; };
		8EBC052E2699CB52008B2478 /* PrimaryButton.swift in Sources */ = {isa = PBXBuildFile; fileRef = 8EBC052C2699CB52008B2478 /* PrimaryButton.swift */; };
		8EBC05302699D25D008B2478 /* Publisher+MapToEmptyResult.swift in Sources */ = {isa = PBXBuildFile; fileRef = 8EBC052F2699D25C008B2478 /* Publisher+MapToEmptyResult.swift */; };
		8EBC05312699D25D008B2478 /* Publisher+MapToEmptyResult.swift in Sources */ = {isa = PBXBuildFile; fileRef = 8EBC052F2699D25C008B2478 /* Publisher+MapToEmptyResult.swift */; };
		8EC6074E2688AFD1006ED3C1 /* Brain3kApp.swift in Sources */ = {isa = PBXBuildFile; fileRef = 8EC607402688AFCF006ED3C1 /* Brain3kApp.swift */; };
		8EC6074F2688AFD1006ED3C1 /* Brain3kApp.swift in Sources */ = {isa = PBXBuildFile; fileRef = 8EC607402688AFCF006ED3C1 /* Brain3kApp.swift */; };
		8EC607502688AFD1006ED3C1 /* SignInPage.swift in Sources */ = {isa = PBXBuildFile; fileRef = 8EC607412688AFCF006ED3C1 /* SignInPage.swift */; };
		8EC607512688AFD1006ED3C1 /* SignInPage.swift in Sources */ = {isa = PBXBuildFile; fileRef = 8EC607412688AFCF006ED3C1 /* SignInPage.swift */; };
		8EC607522688AFD1006ED3C1 /* Assets.xcassets in Resources */ = {isa = PBXBuildFile; fileRef = 8EC607422688AFD1006ED3C1 /* Assets.xcassets */; };
		8EC607532688AFD1006ED3C1 /* Assets.xcassets in Resources */ = {isa = PBXBuildFile; fileRef = 8EC607422688AFD1006ED3C1 /* Assets.xcassets */; };
		8EC607612688B6B6006ED3C1 /* ParseSwift in Frameworks */ = {isa = PBXBuildFile; productRef = 8EC607602688B6B6006ED3C1 /* ParseSwift */; };
		8EC607642688B6C2006ED3C1 /* ParseSwift in Frameworks */ = {isa = PBXBuildFile; productRef = 8EC607632688B6C2006ED3C1 /* ParseSwift */; };
		8EC607672688B86B006ED3C1 /* SwiftDux in Frameworks */ = {isa = PBXBuildFile; productRef = 8EC607662688B86B006ED3C1 /* SwiftDux */; };
		8EC6076A2688B952006ED3C1 /* AppState.swift in Sources */ = {isa = PBXBuildFile; fileRef = 8EC607692688B952006ED3C1 /* AppState.swift */; };
		8EC6076B2688B952006ED3C1 /* AppState.swift in Sources */ = {isa = PBXBuildFile; fileRef = 8EC607692688B952006ED3C1 /* AppState.swift */; };
		8EC6076E2688B993006ED3C1 /* StateType.swift in Sources */ = {isa = PBXBuildFile; fileRef = 8EC6076D2688B993006ED3C1 /* StateType.swift */; };
		8EC6076F2688B993006ED3C1 /* StateType.swift in Sources */ = {isa = PBXBuildFile; fileRef = 8EC6076D2688B993006ED3C1 /* StateType.swift */; };
		8EC607712688BA3A006ED3C1 /* AppReducer.swift in Sources */ = {isa = PBXBuildFile; fileRef = 8EC607702688BA3A006ED3C1 /* AppReducer.swift */; };
		8EC607722688BA3A006ED3C1 /* AppReducer.swift in Sources */ = {isa = PBXBuildFile; fileRef = 8EC607702688BA3A006ED3C1 /* AppReducer.swift */; };
		8EC607752688BAD4006ED3C1 /* Item.swift in Sources */ = {isa = PBXBuildFile; fileRef = 8EC607742688BAD4006ED3C1 /* Item.swift */; };
		8EC607762688BAD4006ED3C1 /* Item.swift in Sources */ = {isa = PBXBuildFile; fileRef = 8EC607742688BAD4006ED3C1 /* Item.swift */; };
		8EC607782688BB3E006ED3C1 /* ItemsReducer.swift in Sources */ = {isa = PBXBuildFile; fileRef = 8EC607772688BB3E006ED3C1 /* ItemsReducer.swift */; };
		8EC607792688BB3E006ED3C1 /* ItemsReducer.swift in Sources */ = {isa = PBXBuildFile; fileRef = 8EC607772688BB3E006ED3C1 /* ItemsReducer.swift */; };
		8EC6077B2688BB5B006ED3C1 /* ItemsAction.swift in Sources */ = {isa = PBXBuildFile; fileRef = 8EC6077A2688BB5B006ED3C1 /* ItemsAction.swift */; };
		8EC6077C2688BB5B006ED3C1 /* ItemsAction.swift in Sources */ = {isa = PBXBuildFile; fileRef = 8EC6077A2688BB5B006ED3C1 /* ItemsAction.swift */; };
		8EC607862688BED5006ED3C1 /* SwiftyBeaver in Frameworks */ = {isa = PBXBuildFile; productRef = 8EC607852688BED5006ED3C1 /* SwiftyBeaver */; };
		8EC607882688BEE0006ED3C1 /* SwiftDux in Frameworks */ = {isa = PBXBuildFile; productRef = 8EC607872688BEE0006ED3C1 /* SwiftDux */; };
		8EC6078A2688BEE4006ED3C1 /* SwiftyBeaver in Frameworks */ = {isa = PBXBuildFile; productRef = 8EC607892688BEE4006ED3C1 /* SwiftyBeaver */; };
		8EEDD78A268BC05D00F670D2 /* AccountState.swift in Sources */ = {isa = PBXBuildFile; fileRef = 8EEDD789268BC05D00F670D2 /* AccountState.swift */; };
		8EEDD78B268BC05D00F670D2 /* AccountState.swift in Sources */ = {isa = PBXBuildFile; fileRef = 8EEDD789268BC05D00F670D2 /* AccountState.swift */; };
		8EEDD78D268BC1F600F670D2 /* AccountReducer.swift in Sources */ = {isa = PBXBuildFile; fileRef = 8EEDD78C268BC1F600F670D2 /* AccountReducer.swift */; };
		8EEDD78E268BC1F600F670D2 /* AccountReducer.swift in Sources */ = {isa = PBXBuildFile; fileRef = 8EEDD78C268BC1F600F670D2 /* AccountReducer.swift */; };
		8EEDD790268BC2AF00F670D2 /* AccountAction.swift in Sources */ = {isa = PBXBuildFile; fileRef = 8EEDD78F268BC2AF00F670D2 /* AccountAction.swift */; };
		8EEDD791268BC2AF00F670D2 /* AccountAction.swift in Sources */ = {isa = PBXBuildFile; fileRef = 8EEDD78F268BC2AF00F670D2 /* AccountAction.swift */; };
		8EEDD793268BCD9200F670D2 /* User.swift in Sources */ = {isa = PBXBuildFile; fileRef = 8EEDD792268BCD9200F670D2 /* User.swift */; };
		8EEDD794268BCD9200F670D2 /* User.swift in Sources */ = {isa = PBXBuildFile; fileRef = 8EEDD792268BCD9200F670D2 /* User.swift */; };
		8EEF35DB268CE9F40068DB58 /* ContentPage.swift in Sources */ = {isa = PBXBuildFile; fileRef = 8EEF35DA268CE9F40068DB58 /* ContentPage.swift */; };
		8EEF35DC268CE9F40068DB58 /* ContentPage.swift in Sources */ = {isa = PBXBuildFile; fileRef = 8EEF35DA268CE9F40068DB58 /* ContentPage.swift */; };
		8EEF35DE268CEA500068DB58 /* SplashPage.swift in Sources */ = {isa = PBXBuildFile; fileRef = 8EEF35DD268CEA500068DB58 /* SplashPage.swift */; };
		8EEF35DF268CEA500068DB58 /* SplashPage.swift in Sources */ = {isa = PBXBuildFile; fileRef = 8EEF35DD268CEA500068DB58 /* SplashPage.swift */; };
		8EEF35E1268CED570068DB58 /* AccountStatus.swift in Sources */ = {isa = PBXBuildFile; fileRef = 8EEF35E0268CED570068DB58 /* AccountStatus.swift */; };
		8EEF35E2268CED570068DB58 /* AccountStatus.swift in Sources */ = {isa = PBXBuildFile; fileRef = 8EEF35E0268CED570068DB58 /* AccountStatus.swift */; };
/* End PBXBuildFile section */

/* Begin PBXFileReference section */
		8E79C138269618BE002D2A8B /* JoinPage.swift */ = {isa = PBXFileReference; lastKnownFileType = sourcecode.swift; path = JoinPage.swift; sourceTree = "<group>"; };
		8E79C13B269619C0002D2A8B /* SignInWithAppleButton.swift */ = {isa = PBXFileReference; lastKnownFileType = sourcecode.swift; path = SignInWithAppleButton.swift; sourceTree = "<group>"; };
		8E79C13F269786F9002D2A8B /* MessageState.swift */ = {isa = PBXFileReference; lastKnownFileType = sourcecode.swift; path = MessageState.swift; sourceTree = "<group>"; };
		8E79C14226978778002D2A8B /* Message.swift */ = {isa = PBXFileReference; lastKnownFileType = sourcecode.swift; path = Message.swift; sourceTree = "<group>"; };
		8E79C14526978828002D2A8B /* MessageReducer.swift */ = {isa = PBXFileReference; lastKnownFileType = sourcecode.swift; path = MessageReducer.swift; sourceTree = "<group>"; };
		8E79C14826978898002D2A8B /* MessageAction.swift */ = {isa = PBXFileReference; lastKnownFileType = sourcecode.swift; path = MessageAction.swift; sourceTree = "<group>"; };
		8EA4D27C26938D1000C0A037 /* TextFieldStyle.swift */ = {isa = PBXFileReference; lastKnownFileType = sourcecode.swift; path = TextFieldStyle.swift; sourceTree = "<group>"; };
		8EA4D28026939DE100C0A037 /* EmailTextField.swift */ = {isa = PBXFileReference; lastKnownFileType = sourcecode.swift; path = EmailTextField.swift; sourceTree = "<group>"; };
		8EA4D28326939E6400C0A037 /* PasswordTextField.swift */ = {isa = PBXFileReference; lastKnownFileType = sourcecode.swift; path = PasswordTextField.swift; sourceTree = "<group>"; };
		8EA4D2862693A22A00C0A037 /* SignUpPage.swift */ = {isa = PBXFileReference; lastKnownFileType = sourcecode.swift; path = SignUpPage.swift; sourceTree = "<group>"; };
		8EBC051A2699C065008B2478 /* AnyPublisher+Empty.swift */ = {isa = PBXFileReference; lastKnownFileType = sourcecode.swift; path = "AnyPublisher+Empty.swift"; sourceTree = "<group>"; };
		8EBC051D2699C10C008B2478 /* UnverifiedEmailPage.swift */ = {isa = PBXFileReference; lastKnownFileType = sourcecode.swift; path = UnverifiedEmailPage.swift; sourceTree = "<group>"; };
		8EBC05202699C55C008B2478 /* Background.swift */ = {isa = PBXFileReference; lastKnownFileType = sourcecode.swift; path = Background.swift; sourceTree = "<group>"; };
		8EBC05232699C926008B2478 /* MaterialBackground.swift */ = {isa = PBXFileReference; lastKnownFileType = sourcecode.swift; path = MaterialBackground.swift; sourceTree = "<group>"; };
		8EBC052C2699CB52008B2478 /* PrimaryButton.swift */ = {isa = PBXFileReference; lastKnownFileType = sourcecode.swift; path = PrimaryButton.swift; sourceTree = "<group>"; };
		8EBC052F2699D25C008B2478 /* Publisher+MapToEmptyResult.swift */ = {isa = PBXFileReference; lastKnownFileType = sourcecode.swift; path = "Publisher+MapToEmptyResult.swift"; sourceTree = "<group>"; };
		8EC607402688AFCF006ED3C1 /* Brain3kApp.swift */ = {isa = PBXFileReference; lastKnownFileType = sourcecode.swift; path = Brain3kApp.swift; sourceTree = "<group>"; };
		8EC607412688AFCF006ED3C1 /* SignInPage.swift */ = {isa = PBXFileReference; lastKnownFileType = sourcecode.swift; path = SignInPage.swift; sourceTree = "<group>"; };
		8EC607422688AFD1006ED3C1 /* Assets.xcassets */ = {isa = PBXFileReference; lastKnownFileType = folder.assetcatalog; path = Assets.xcassets; sourceTree = "<group>"; };
		8EC607472688AFD1006ED3C1 /* Brain3k.app */ = {isa = PBXFileReference; explicitFileType = wrapper.application; includeInIndex = 0; path = Brain3k.app; sourceTree = BUILT_PRODUCTS_DIR; };
		8EC6074D2688AFD1006ED3C1 /* Brain3k.app */ = {isa = PBXFileReference; explicitFileType = wrapper.application; includeInIndex = 0; path = Brain3k.app; sourceTree = BUILT_PRODUCTS_DIR; };
		8EC6075C2688B10F006ED3C1 /* README.md */ = {isa = PBXFileReference; lastKnownFileType = net.daringfireball.markdown; path = README.md; sourceTree = "<group>"; };
		8EC607692688B952006ED3C1 /* AppState.swift */ = {isa = PBXFileReference; lastKnownFileType = sourcecode.swift; path = AppState.swift; sourceTree = "<group>"; };
		8EC6076D2688B993006ED3C1 /* StateType.swift */ = {isa = PBXFileReference; lastKnownFileType = sourcecode.swift; path = StateType.swift; sourceTree = "<group>"; };
		8EC607702688BA3A006ED3C1 /* AppReducer.swift */ = {isa = PBXFileReference; lastKnownFileType = sourcecode.swift; path = AppReducer.swift; sourceTree = "<group>"; };
		8EC607742688BAD4006ED3C1 /* Item.swift */ = {isa = PBXFileReference; lastKnownFileType = sourcecode.swift; path = Item.swift; sourceTree = "<group>"; };
		8EC607772688BB3E006ED3C1 /* ItemsReducer.swift */ = {isa = PBXFileReference; lastKnownFileType = sourcecode.swift; path = ItemsReducer.swift; sourceTree = "<group>"; };
		8EC6077A2688BB5B006ED3C1 /* ItemsAction.swift */ = {isa = PBXFileReference; lastKnownFileType = sourcecode.swift; path = ItemsAction.swift; sourceTree = "<group>"; };
		8EC607812688BD92006ED3C1 /* Info.plist */ = {isa = PBXFileReference; lastKnownFileType = text.plist.xml; path = Info.plist; sourceTree = "<group>"; };
		8EC6078C268A7ED9006ED3C1 /* Brain3k.entitlements */ = {isa = PBXFileReference; lastKnownFileType = text.plist.entitlements; path = Brain3k.entitlements; sourceTree = "<group>"; };
		8EEDD789268BC05D00F670D2 /* AccountState.swift */ = {isa = PBXFileReference; lastKnownFileType = sourcecode.swift; path = AccountState.swift; sourceTree = "<group>"; };
		8EEDD78C268BC1F600F670D2 /* AccountReducer.swift */ = {isa = PBXFileReference; lastKnownFileType = sourcecode.swift; path = AccountReducer.swift; sourceTree = "<group>"; };
		8EEDD78F268BC2AF00F670D2 /* AccountAction.swift */ = {isa = PBXFileReference; lastKnownFileType = sourcecode.swift; path = AccountAction.swift; sourceTree = "<group>"; };
		8EEDD792268BCD9200F670D2 /* User.swift */ = {isa = PBXFileReference; lastKnownFileType = sourcecode.swift; path = User.swift; sourceTree = "<group>"; };
		8EEF35DA268CE9F40068DB58 /* ContentPage.swift */ = {isa = PBXFileReference; lastKnownFileType = sourcecode.swift; path = ContentPage.swift; sourceTree = "<group>"; };
		8EEF35DD268CEA500068DB58 /* SplashPage.swift */ = {isa = PBXFileReference; lastKnownFileType = sourcecode.swift; path = SplashPage.swift; sourceTree = "<group>"; };
		8EEF35E0268CED570068DB58 /* AccountStatus.swift */ = {isa = PBXFileReference; lastKnownFileType = sourcecode.swift; path = AccountStatus.swift; sourceTree = "<group>"; };
/* End PBXFileReference section */

/* Begin PBXFrameworksBuildPhase section */
		8EC607442688AFD1006ED3C1 /* Frameworks */ = {
			isa = PBXFrameworksBuildPhase;
			buildActionMask = 2147483647;
			files = (
				8E79C13526961891002D2A8B /* MGFlipView in Frameworks */,
				8EC607672688B86B006ED3C1 /* SwiftDux in Frameworks */,
				8EC607612688B6B6006ED3C1 /* ParseSwift in Frameworks */,
				8E79C14D269791EA002D2A8B /* ValidatedPropertyKit in Frameworks */,
				8EC607862688BED5006ED3C1 /* SwiftyBeaver in Frameworks */,
			);
			runOnlyForDeploymentPostprocessing = 0;
		};
		8EC6074A2688AFD1006ED3C1 /* Frameworks */ = {
			isa = PBXFrameworksBuildPhase;
			buildActionMask = 2147483647;
			files = (
				8E79C13726961898002D2A8B /* MGFlipView in Frameworks */,
				8EC607882688BEE0006ED3C1 /* SwiftDux in Frameworks */,
				8EC607642688B6C2006ED3C1 /* ParseSwift in Frameworks */,
				8E79C14F269791F4002D2A8B /* ValidatedPropertyKit in Frameworks */,
				8EC6078A2688BEE4006ED3C1 /* SwiftyBeaver in Frameworks */,
			);
			runOnlyForDeploymentPostprocessing = 0;
		};
/* End PBXFrameworksBuildPhase section */

/* Begin PBXGroup section */
		8E79C13E269786A0002D2A8B /* Message */ = {
			isa = PBXGroup;
			children = (
				8E79C13F269786F9002D2A8B /* MessageState.swift */,
				8E79C14526978828002D2A8B /* MessageReducer.swift */,
				8E79C14826978898002D2A8B /* MessageAction.swift */,
			);
			path = Message;
			sourceTree = "<group>";
		};
		8E79C15026979409002D2A8B /* Authentication */ = {
			isa = PBXGroup;
			children = (
				8E79C138269618BE002D2A8B /* JoinPage.swift */,
				8EC607412688AFCF006ED3C1 /* SignInPage.swift */,
				8EA4D2862693A22A00C0A037 /* SignUpPage.swift */,
				8EBC051D2699C10C008B2478 /* UnverifiedEmailPage.swift */,
			);
			path = Authentication;
			sourceTree = "<group>";
		};
		8EA4D27B26938CED00C0A037 /* View Modifiers */ = {
			isa = PBXGroup;
			children = (
				8EA4D27C26938D1000C0A037 /* TextFieldStyle.swift */,
				8EBC05232699C926008B2478 /* MaterialBackground.swift */,
			);
			path = "View Modifiers";
			sourceTree = "<group>";
		};
		8EA4D27F26939DA600C0A037 /* Pages */ = {
			isa = PBXGroup;
			children = (
				8EEF35DD268CEA500068DB58 /* SplashPage.swift */,
				8E79C15026979409002D2A8B /* Authentication */,
				8EEF35DA268CE9F40068DB58 /* ContentPage.swift */,
			);
			path = Pages;
			sourceTree = "<group>";
		};
		8EC6073A2688AFCF006ED3C1 = {
			isa = PBXGroup;
			children = (
				8EC6075C2688B10F006ED3C1 /* README.md */,
				8EC6073F2688AFCF006ED3C1 /* Shared */,
				8EC607822688BD9A006ED3C1 /* iOS */,
				8EC607482688AFD1006ED3C1 /* Products */,
				8EC607622688B6C2006ED3C1 /* Frameworks */,
			);
			sourceTree = "<group>";
		};
		8EC6073F2688AFCF006ED3C1 /* Shared */ = {
			isa = PBXGroup;
			children = (
				8EC6078C268A7ED9006ED3C1 /* Brain3k.entitlements */,
				8EC607402688AFCF006ED3C1 /* Brain3kApp.swift */,
				8EA4D27F26939DA600C0A037 /* Pages */,
				8EC6078B2688C029006ED3C1 /* Views */,
				8EA4D27B26938CED00C0A037 /* View Modifiers */,
				8EC6076C2688B982006ED3C1 /* Models */,
				8EC607682688B93B006ED3C1 /* SwiftDux */,
				8EC6077D2688BBDF006ED3C1 /* Extensions */,
				8EC607422688AFD1006ED3C1 /* Assets.xcassets */,
			);
			path = Shared;
			sourceTree = "<group>";
		};
		8EC607482688AFD1006ED3C1 /* Products */ = {
			isa = PBXGroup;
			children = (
				8EC607472688AFD1006ED3C1 /* Brain3k.app */,
				8EC6074D2688AFD1006ED3C1 /* Brain3k.app */,
			);
			name = Products;
			sourceTree = "<group>";
		};
		8EC607622688B6C2006ED3C1 /* Frameworks */ = {
			isa = PBXGroup;
			children = (
			);
			name = Frameworks;
			sourceTree = "<group>";
		};
		8EC607682688B93B006ED3C1 /* SwiftDux */ = {
			isa = PBXGroup;
			children = (
				8E79C13E269786A0002D2A8B /* Message */,
				8EEDD788268BC03100F670D2 /* Account */,
				8EC607732688BA80006ED3C1 /* Items */,
				8EC607692688B952006ED3C1 /* AppState.swift */,
				8EC607702688BA3A006ED3C1 /* AppReducer.swift */,
			);
			path = SwiftDux;
			sourceTree = "<group>";
		};
		8EC6076C2688B982006ED3C1 /* Models */ = {
			isa = PBXGroup;
			children = (
				8EC6076D2688B993006ED3C1 /* StateType.swift */,
				8EC607742688BAD4006ED3C1 /* Item.swift */,
				8EEDD792268BCD9200F670D2 /* User.swift */,
				8EEF35E0268CED570068DB58 /* AccountStatus.swift */,
				8E79C14226978778002D2A8B /* Message.swift */,
			);
			path = Models;
			sourceTree = "<group>";
		};
		8EC607732688BA80006ED3C1 /* Items */ = {
			isa = PBXGroup;
			children = (
				8EC607772688BB3E006ED3C1 /* ItemsReducer.swift */,
				8EC6077A2688BB5B006ED3C1 /* ItemsAction.swift */,
			);
			path = Items;
			sourceTree = "<group>";
		};
		8EC6077D2688BBDF006ED3C1 /* Extensions */ = {
			isa = PBXGroup;
			children = (
				8EBC051A2699C065008B2478 /* AnyPublisher+Empty.swift */,
				8EBC052F2699D25C008B2478 /* Publisher+MapToEmptyResult.swift */,
			);
			path = Extensions;
			sourceTree = "<group>";
		};
		8EC607822688BD9A006ED3C1 /* iOS */ = {
			isa = PBXGroup;
			children = (
				8EC607812688BD92006ED3C1 /* Info.plist */,
			);
			path = iOS;
			sourceTree = "<group>";
		};
		8EC6078B2688C029006ED3C1 /* Views */ = {
			isa = PBXGroup;
			children = (
				8EA4D28026939DE100C0A037 /* EmailTextField.swift */,
				8EA4D28326939E6400C0A037 /* PasswordTextField.swift */,
				8E79C13B269619C0002D2A8B /* SignInWithAppleButton.swift */,
				8EBC05202699C55C008B2478 /* Background.swift */,
				8EBC052C2699CB52008B2478 /* PrimaryButton.swift */,
			);
			path = Views;
			sourceTree = "<group>";
		};
		8EEDD788268BC03100F670D2 /* Account */ = {
			isa = PBXGroup;
			children = (
				8EEDD789268BC05D00F670D2 /* AccountState.swift */,
				8EEDD78C268BC1F600F670D2 /* AccountReducer.swift */,
				8EEDD78F268BC2AF00F670D2 /* AccountAction.swift */,
			);
			path = Account;
			sourceTree = "<group>";
		};
/* End PBXGroup section */

/* Begin PBXNativeTarget section */
		8EC607462688AFD1006ED3C1 /* Brain3k (iOS) */ = {
			isa = PBXNativeTarget;
			buildConfigurationList = 8EC607562688AFD1006ED3C1 /* Build configuration list for PBXNativeTarget "Brain3k (iOS)" */;
			buildPhases = (
				8EC607432688AFD1006ED3C1 /* Sources */,
				8EC607442688AFD1006ED3C1 /* Frameworks */,
				8EC607452688AFD1006ED3C1 /* Resources */,
			);
			buildRules = (
			);
			dependencies = (
			);
			name = "Brain3k (iOS)";
			packageProductDependencies = (
				8EC607602688B6B6006ED3C1 /* ParseSwift */,
				8EC607662688B86B006ED3C1 /* SwiftDux */,
				8EC607852688BED5006ED3C1 /* SwiftyBeaver */,
				8E79C13426961891002D2A8B /* MGFlipView */,
				8E79C14C269791EA002D2A8B /* ValidatedPropertyKit */,
			);
			productName = "Brain3k (iOS)";
			productReference = 8EC607472688AFD1006ED3C1 /* Brain3k.app */;
			productType = "com.apple.product-type.application";
		};
		8EC6074C2688AFD1006ED3C1 /* Brain3k (macOS) */ = {
			isa = PBXNativeTarget;
			buildConfigurationList = 8EC607592688AFD1006ED3C1 /* Build configuration list for PBXNativeTarget "Brain3k (macOS)" */;
			buildPhases = (
				8EC607492688AFD1006ED3C1 /* Sources */,
				8EC6074A2688AFD1006ED3C1 /* Frameworks */,
				8EC6074B2688AFD1006ED3C1 /* Resources */,
			);
			buildRules = (
			);
			dependencies = (
			);
			name = "Brain3k (macOS)";
			packageProductDependencies = (
				8EC607632688B6C2006ED3C1 /* ParseSwift */,
				8EC607872688BEE0006ED3C1 /* SwiftDux */,
				8EC607892688BEE4006ED3C1 /* SwiftyBeaver */,
				8E79C13626961898002D2A8B /* MGFlipView */,
				8E79C14E269791F4002D2A8B /* ValidatedPropertyKit */,
			);
			productName = "Brain3k (macOS)";
			productReference = 8EC6074D2688AFD1006ED3C1 /* Brain3k.app */;
			productType = "com.apple.product-type.application";
		};
/* End PBXNativeTarget section */

/* Begin PBXProject section */
		8EC6073B2688AFCF006ED3C1 /* Project object */ = {
			isa = PBXProject;
			attributes = {
				BuildIndependentTargetsInParallel = 1;
				LastSwiftUpdateCheck = 1300;
				LastUpgradeCheck = 1300;
				TargetAttributes = {
					8EC607462688AFD1006ED3C1 = {
						CreatedOnToolsVersion = 13.0;
					};
					8EC6074C2688AFD1006ED3C1 = {
						CreatedOnToolsVersion = 13.0;
					};
				};
			};
			buildConfigurationList = 8EC6073E2688AFCF006ED3C1 /* Build configuration list for PBXProject "Brain3k" */;
			compatibilityVersion = "Xcode 13.0";
			developmentRegion = en;
			hasScannedForEncodings = 0;
			knownRegions = (
				en,
				Base,
			);
			mainGroup = 8EC6073A2688AFCF006ED3C1;
			packageReferences = (
				8EC6075F2688B6B6006ED3C1 /* XCRemoteSwiftPackageReference "Parse-Swift" */,
				8EC607652688B86B006ED3C1 /* XCRemoteSwiftPackageReference "SwiftDux" */,
				8EC607842688BED5006ED3C1 /* XCRemoteSwiftPackageReference "SwiftyBeaver" */,
				8E79C13326961891002D2A8B /* XCRemoteSwiftPackageReference "MGFlipView" */,
				8E79C14B269791EA002D2A8B /* XCRemoteSwiftPackageReference "ValidatedPropertyKit" */,
			);
			productRefGroup = 8EC607482688AFD1006ED3C1 /* Products */;
			projectDirPath = "";
			projectRoot = "";
			targets = (
				8EC607462688AFD1006ED3C1 /* Brain3k (iOS) */,
				8EC6074C2688AFD1006ED3C1 /* Brain3k (macOS) */,
			);
		};
/* End PBXProject section */

/* Begin PBXResourcesBuildPhase section */
		8EC607452688AFD1006ED3C1 /* Resources */ = {
			isa = PBXResourcesBuildPhase;
			buildActionMask = 2147483647;
			files = (
				8EC607522688AFD1006ED3C1 /* Assets.xcassets in Resources */,
			);
			runOnlyForDeploymentPostprocessing = 0;
		};
		8EC6074B2688AFD1006ED3C1 /* Resources */ = {
			isa = PBXResourcesBuildPhase;
			buildActionMask = 2147483647;
			files = (
				8EC607532688AFD1006ED3C1 /* Assets.xcassets in Resources */,
			);
			runOnlyForDeploymentPostprocessing = 0;
		};
/* End PBXResourcesBuildPhase section */

/* Begin PBXSourcesBuildPhase section */
		8EC607432688AFD1006ED3C1 /* Sources */ = {
			isa = PBXSourcesBuildPhase;
			buildActionMask = 2147483647;
			files = (
				8EA4D28126939DE100C0A037 /* EmailTextField.swift in Sources */,
				8EBC051B2699C065008B2478 /* AnyPublisher+Empty.swift in Sources */,
				8EC6076A2688B952006ED3C1 /* AppState.swift in Sources */,
				8EA4D28426939E6400C0A037 /* PasswordTextField.swift in Sources */,
				8EEDD78A268BC05D00F670D2 /* AccountState.swift in Sources */,
				8EEF35DE268CEA500068DB58 /* SplashPage.swift in Sources */,
				8EEDD790268BC2AF00F670D2 /* AccountAction.swift in Sources */,
				8EEDD78D268BC1F600F670D2 /* AccountReducer.swift in Sources */,
				8EEF35E1268CED570068DB58 /* AccountStatus.swift in Sources */,
				8EC6076E2688B993006ED3C1 /* StateType.swift in Sources */,
				8EC607502688AFD1006ED3C1 /* SignInPage.swift in Sources */,
				8E79C139269618BE002D2A8B /* JoinPage.swift in Sources */,
				8EBC052D2699CB52008B2478 /* PrimaryButton.swift in Sources */,
				8EC6074E2688AFD1006ED3C1 /* Brain3kApp.swift in Sources */,
				8EBC05302699D25D008B2478 /* Publisher+MapToEmptyResult.swift in Sources */,
				8EA4D27D26938D1000C0A037 /* TextFieldStyle.swift in Sources */,
				8E79C140269786F9002D2A8B /* MessageState.swift in Sources */,
				8EBC05212699C55C008B2478 /* Background.swift in Sources */,
				8E79C14626978828002D2A8B /* MessageReducer.swift in Sources */,
				8E79C13C269619C0002D2A8B /* SignInWithAppleButton.swift in Sources */,
				8EC6077B2688BB5B006ED3C1 /* ItemsAction.swift in Sources */,
				8EEDD793268BCD9200F670D2 /* User.swift in Sources */,
				8E79C14326978778002D2A8B /* Message.swift in Sources */,
				8EA4D2872693A22A00C0A037 /* SignUpPage.swift in Sources */,
				8EC607752688BAD4006ED3C1 /* Item.swift in Sources */,
				8E79C14926978898002D2A8B /* MessageAction.swift in Sources */,
				8EEF35DB268CE9F40068DB58 /* ContentPage.swift in Sources */,
				8EBC051E2699C10C008B2478 /* UnverifiedEmailPage.swift in Sources */,
				8EBC05242699C926008B2478 /* MaterialBackground.swift in Sources */,
				8EC607782688BB3E006ED3C1 /* ItemsReducer.swift in Sources */,
				8EC607712688BA3A006ED3C1 /* AppReducer.swift in Sources */,
			);
			runOnlyForDeploymentPostprocessing = 0;
		};
		8EC607492688AFD1006ED3C1 /* Sources */ = {
			isa = PBXSourcesBuildPhase;
			buildActionMask = 2147483647;
			files = (
				8EA4D28226939DE100C0A037 /* EmailTextField.swift in Sources */,
				8EBC051C2699C065008B2478 /* AnyPublisher+Empty.swift in Sources */,
				8EC6076B2688B952006ED3C1 /* AppState.swift in Sources */,
				8EA4D28526939E6400C0A037 /* PasswordTextField.swift in Sources */,
				8EEDD78B268BC05D00F670D2 /* AccountState.swift in Sources */,
				8EEF35DF268CEA500068DB58 /* SplashPage.swift in Sources */,
				8EEDD791268BC2AF00F670D2 /* AccountAction.swift in Sources */,
				8EEDD78E268BC1F600F670D2 /* AccountReducer.swift in Sources */,
				8EEF35E2268CED570068DB58 /* AccountStatus.swift in Sources */,
				8EC6076F2688B993006ED3C1 /* StateType.swift in Sources */,
				8EC607512688AFD1006ED3C1 /* SignInPage.swift in Sources */,
				8E79C13A269618BE002D2A8B /* JoinPage.swift in Sources */,
				8EBC052E2699CB52008B2478 /* PrimaryButton.swift in Sources */,
				8EC6074F2688AFD1006ED3C1 /* Brain3kApp.swift in Sources */,
				8EBC05312699D25D008B2478 /* Publisher+MapToEmptyResult.swift in Sources */,
				8EA4D27E26938D1100C0A037 /* TextFieldStyle.swift in Sources */,
				8E79C141269786F9002D2A8B /* MessageState.swift in Sources */,
				8EBC05222699C55C008B2478 /* Background.swift in Sources */,
				8E79C14726978828002D2A8B /* MessageReducer.swift in Sources */,
				8E79C13D269619C0002D2A8B /* SignInWithAppleButton.swift in Sources */,
				8EC6077C2688BB5B006ED3C1 /* ItemsAction.swift in Sources */,
				8EEDD794268BCD9200F670D2 /* User.swift in Sources */,
				8E79C14426978778002D2A8B /* Message.swift in Sources */,
				8EA4D2882693A22A00C0A037 /* SignUpPage.swift in Sources */,
				8EC607762688BAD4006ED3C1 /* Item.swift in Sources */,
				8E79C14A26978898002D2A8B /* MessageAction.swift in Sources */,
				8EEF35DC268CE9F40068DB58 /* ContentPage.swift in Sources */,
				8EBC051F2699C10C008B2478 /* UnverifiedEmailPage.swift in Sources */,
				8EBC05252699C926008B2478 /* MaterialBackground.swift in Sources */,
				8EC607792688BB3E006ED3C1 /* ItemsReducer.swift in Sources */,
				8EC607722688BA3A006ED3C1 /* AppReducer.swift in Sources */,
			);
			runOnlyForDeploymentPostprocessing = 0;
		};
/* End PBXSourcesBuildPhase section */

/* Begin XCBuildConfiguration section */
		8EC607542688AFD1006ED3C1 /* Debug */ = {
			isa = XCBuildConfiguration;
			buildSettings = {
				ALWAYS_SEARCH_USER_PATHS = NO;
				CLANG_ANALYZER_NONNULL = YES;
				CLANG_ANALYZER_NUMBER_OBJECT_CONVERSION = YES_AGGRESSIVE;
				CLANG_CXX_LANGUAGE_STANDARD = "gnu++14";
				CLANG_CXX_LIBRARY = "libc++";
				CLANG_ENABLE_MODULES = YES;
				CLANG_ENABLE_OBJC_ARC = YES;
				CLANG_ENABLE_OBJC_WEAK = YES;
				CLANG_WARN_BLOCK_CAPTURE_AUTORELEASING = YES;
				CLANG_WARN_BOOL_CONVERSION = YES;
				CLANG_WARN_COMMA = YES;
				CLANG_WARN_CONSTANT_CONVERSION = YES;
				CLANG_WARN_DEPRECATED_OBJC_IMPLEMENTATIONS = YES;
				CLANG_WARN_DIRECT_OBJC_ISA_USAGE = YES_ERROR;
				CLANG_WARN_DOCUMENTATION_COMMENTS = YES;
				CLANG_WARN_EMPTY_BODY = YES;
				CLANG_WARN_ENUM_CONVERSION = YES;
				CLANG_WARN_INFINITE_RECURSION = YES;
				CLANG_WARN_INT_CONVERSION = YES;
				CLANG_WARN_NON_LITERAL_NULL_CONVERSION = YES;
				CLANG_WARN_OBJC_IMPLICIT_RETAIN_SELF = YES;
				CLANG_WARN_OBJC_LITERAL_CONVERSION = YES;
				CLANG_WARN_OBJC_ROOT_CLASS = YES_ERROR;
				CLANG_WARN_QUOTED_INCLUDE_IN_FRAMEWORK_HEADER = YES;
				CLANG_WARN_RANGE_LOOP_ANALYSIS = YES;
				CLANG_WARN_STRICT_PROTOTYPES = YES;
				CLANG_WARN_SUSPICIOUS_MOVE = YES;
				CLANG_WARN_UNGUARDED_AVAILABILITY = YES_AGGRESSIVE;
				CLANG_WARN_UNREACHABLE_CODE = YES;
				CLANG_WARN__DUPLICATE_METHOD_MATCH = YES;
				COPY_PHASE_STRIP = NO;
				DEBUG_INFORMATION_FORMAT = dwarf;
				ENABLE_STRICT_OBJC_MSGSEND = YES;
				ENABLE_TESTABILITY = YES;
				GCC_C_LANGUAGE_STANDARD = gnu11;
				GCC_DYNAMIC_NO_PIC = NO;
				GCC_NO_COMMON_BLOCKS = YES;
				GCC_OPTIMIZATION_LEVEL = 0;
				GCC_PREPROCESSOR_DEFINITIONS = (
					"DEBUG=1",
					"$(inherited)",
				);
				GCC_WARN_64_TO_32_BIT_CONVERSION = YES;
				GCC_WARN_ABOUT_RETURN_TYPE = YES_ERROR;
				GCC_WARN_UNDECLARED_SELECTOR = YES;
				GCC_WARN_UNINITIALIZED_AUTOS = YES_AGGRESSIVE;
				GCC_WARN_UNUSED_FUNCTION = YES;
				GCC_WARN_UNUSED_VARIABLE = YES;
				MTL_ENABLE_DEBUG_INFO = INCLUDE_SOURCE;
				MTL_FAST_MATH = YES;
				ONLY_ACTIVE_ARCH = YES;
				OTHER_SWIFT_FLAGS = "-DDebug";
				SWIFT_ACTIVE_COMPILATION_CONDITIONS = DEBUG;
				SWIFT_OPTIMIZATION_LEVEL = "-Onone";
			};
			name = Debug;
		};
		8EC607552688AFD1006ED3C1 /* Release */ = {
			isa = XCBuildConfiguration;
			buildSettings = {
				ALWAYS_SEARCH_USER_PATHS = NO;
				CLANG_ANALYZER_NONNULL = YES;
				CLANG_ANALYZER_NUMBER_OBJECT_CONVERSION = YES_AGGRESSIVE;
				CLANG_CXX_LANGUAGE_STANDARD = "gnu++14";
				CLANG_CXX_LIBRARY = "libc++";
				CLANG_ENABLE_MODULES = YES;
				CLANG_ENABLE_OBJC_ARC = YES;
				CLANG_ENABLE_OBJC_WEAK = YES;
				CLANG_WARN_BLOCK_CAPTURE_AUTORELEASING = YES;
				CLANG_WARN_BOOL_CONVERSION = YES;
				CLANG_WARN_COMMA = YES;
				CLANG_WARN_CONSTANT_CONVERSION = YES;
				CLANG_WARN_DEPRECATED_OBJC_IMPLEMENTATIONS = YES;
				CLANG_WARN_DIRECT_OBJC_ISA_USAGE = YES_ERROR;
				CLANG_WARN_DOCUMENTATION_COMMENTS = YES;
				CLANG_WARN_EMPTY_BODY = YES;
				CLANG_WARN_ENUM_CONVERSION = YES;
				CLANG_WARN_INFINITE_RECURSION = YES;
				CLANG_WARN_INT_CONVERSION = YES;
				CLANG_WARN_NON_LITERAL_NULL_CONVERSION = YES;
				CLANG_WARN_OBJC_IMPLICIT_RETAIN_SELF = YES;
				CLANG_WARN_OBJC_LITERAL_CONVERSION = YES;
				CLANG_WARN_OBJC_ROOT_CLASS = YES_ERROR;
				CLANG_WARN_QUOTED_INCLUDE_IN_FRAMEWORK_HEADER = YES;
				CLANG_WARN_RANGE_LOOP_ANALYSIS = YES;
				CLANG_WARN_STRICT_PROTOTYPES = YES;
				CLANG_WARN_SUSPICIOUS_MOVE = YES;
				CLANG_WARN_UNGUARDED_AVAILABILITY = YES_AGGRESSIVE;
				CLANG_WARN_UNREACHABLE_CODE = YES;
				CLANG_WARN__DUPLICATE_METHOD_MATCH = YES;
				COPY_PHASE_STRIP = NO;
				DEBUG_INFORMATION_FORMAT = "dwarf-with-dsym";
				ENABLE_NS_ASSERTIONS = NO;
				ENABLE_STRICT_OBJC_MSGSEND = YES;
				GCC_C_LANGUAGE_STANDARD = gnu11;
				GCC_NO_COMMON_BLOCKS = YES;
				GCC_WARN_64_TO_32_BIT_CONVERSION = YES;
				GCC_WARN_ABOUT_RETURN_TYPE = YES_ERROR;
				GCC_WARN_UNDECLARED_SELECTOR = YES;
				GCC_WARN_UNINITIALIZED_AUTOS = YES_AGGRESSIVE;
				GCC_WARN_UNUSED_FUNCTION = YES;
				GCC_WARN_UNUSED_VARIABLE = YES;
				MTL_ENABLE_DEBUG_INFO = NO;
				MTL_FAST_MATH = YES;
				SWIFT_COMPILATION_MODE = wholemodule;
				SWIFT_OPTIMIZATION_LEVEL = "-O";
			};
			name = Release;
		};
		8EC607572688AFD1006ED3C1 /* Debug */ = {
			isa = XCBuildConfiguration;
			buildSettings = {
				ASSETCATALOG_COMPILER_APPICON_NAME = AppIcon;
				ASSETCATALOG_COMPILER_GLOBAL_ACCENT_COLOR_NAME = AccentColor;
				CODE_SIGN_ENTITLEMENTS = Shared/Brain3k.entitlements;
				CODE_SIGN_IDENTITY = "Apple Development";
				CODE_SIGN_STYLE = Manual;
				CURRENT_PROJECT_VERSION = 1;
				DEVELOPMENT_TEAM = V3QMW7D5T5;
				ENABLE_PREVIEWS = YES;
				GENERATE_INFOPLIST_FILE = YES;
				INFOPLIST_FILE = iOS/Info.plist;
				INFOPLIST_KEY_CFBundleExecutable = Brain3k;
				INFOPLIST_KEY_CFBundleName = Brain3k;
				INFOPLIST_KEY_CFBundleVersion = 1;
				INFOPLIST_KEY_UIApplicationSceneManifest_Generation = YES;
				INFOPLIST_KEY_UIApplicationSupportsIndirectInputEvents = YES;
				INFOPLIST_KEY_UILaunchScreen_Generation = YES;
				INFOPLIST_KEY_UISupportedInterfaceOrientations_iPad = "UIInterfaceOrientationPortrait UIInterfaceOrientationPortraitUpsideDown UIInterfaceOrientationLandscapeLeft UIInterfaceOrientationLandscapeRight";
				INFOPLIST_KEY_UISupportedInterfaceOrientations_iPhone = "UIInterfaceOrientationPortrait UIInterfaceOrientationLandscapeLeft UIInterfaceOrientationLandscapeRight";
				IPHONEOS_DEPLOYMENT_TARGET = 15.0;
				LD_RUNPATH_SEARCH_PATHS = (
					"$(inherited)",
					"@executable_path/Frameworks",
				);
				MARKETING_VERSION = 0.0.1;
				OTHER_SWIFT_FLAGS = "$(inherited)";
				PRODUCT_BUNDLE_IDENTIFIER = com.brain3k.Brain3k;
				PRODUCT_NAME = Brain3k;
				PROVISIONING_PROFILE_SPECIFIER = "match Development com.brain3k.Brain3k";
				SDKROOT = iphoneos;
				SWIFT_EMIT_LOC_STRINGS = YES;
				SWIFT_VERSION = 5.0;
				TARGETED_DEVICE_FAMILY = "1,2";
			};
			name = Debug;
		};
		8EC607582688AFD1006ED3C1 /* Release */ = {
			isa = XCBuildConfiguration;
			buildSettings = {
				ASSETCATALOG_COMPILER_APPICON_NAME = AppIcon;
				ASSETCATALOG_COMPILER_GLOBAL_ACCENT_COLOR_NAME = AccentColor;
				CODE_SIGN_ENTITLEMENTS = Shared/Brain3k.entitlements;
				CODE_SIGN_IDENTITY = "Apple Distribution";
				CODE_SIGN_STYLE = Manual;
				CURRENT_PROJECT_VERSION = 1;
				DEVELOPMENT_TEAM = V3QMW7D5T5;
				ENABLE_PREVIEWS = YES;
				GENERATE_INFOPLIST_FILE = YES;
				INFOPLIST_FILE = iOS/Info.plist;
				INFOPLIST_KEY_CFBundleExecutable = Brain3k;
				INFOPLIST_KEY_CFBundleName = Brain3k;
				INFOPLIST_KEY_CFBundleVersion = 1;
				INFOPLIST_KEY_UIApplicationSceneManifest_Generation = YES;
				INFOPLIST_KEY_UIApplicationSupportsIndirectInputEvents = YES;
				INFOPLIST_KEY_UILaunchScreen_Generation = YES;
				INFOPLIST_KEY_UISupportedInterfaceOrientations_iPad = "UIInterfaceOrientationPortrait UIInterfaceOrientationPortraitUpsideDown UIInterfaceOrientationLandscapeLeft UIInterfaceOrientationLandscapeRight";
				INFOPLIST_KEY_UISupportedInterfaceOrientations_iPhone = "UIInterfaceOrientationPortrait UIInterfaceOrientationLandscapeLeft UIInterfaceOrientationLandscapeRight";
				IPHONEOS_DEPLOYMENT_TARGET = 15.0;
				LD_RUNPATH_SEARCH_PATHS = (
					"$(inherited)",
					"@executable_path/Frameworks",
				);
				MARKETING_VERSION = 0.0.1;
				OTHER_SWIFT_FLAGS = "$(inherited)";
				PRODUCT_BUNDLE_IDENTIFIER = com.brain3k.Brain3k;
				PRODUCT_NAME = Brain3k;
				PROVISIONING_PROFILE_SPECIFIER = "match AppStore com.brain3k.Brain3k";
				SDKROOT = iphoneos;
				SWIFT_EMIT_LOC_STRINGS = YES;
				SWIFT_VERSION = 5.0;
				TARGETED_DEVICE_FAMILY = "1,2";
				VALIDATE_PRODUCT = YES;
			};
			name = Release;
		};
		8EC6075A2688AFD1006ED3C1 /* Debug */ = {
			isa = XCBuildConfiguration;
			buildSettings = {
				ASSETCATALOG_COMPILER_APPICON_NAME = AppIcon;
				ASSETCATALOG_COMPILER_GLOBAL_ACCENT_COLOR_NAME = AccentColor;
				CODE_SIGN_ENTITLEMENTS = Shared/Brain3k.entitlements;
				CODE_SIGN_IDENTITY = "Apple Development";
				CODE_SIGN_STYLE = Manual;
				COMBINE_HIDPI_IMAGES = YES;
				CURRENT_PROJECT_VERSION = 1;
				DEVELOPMENT_TEAM = "";
				ENABLE_APP_SANDBOX = YES;
				ENABLE_PREVIEWS = YES;
				ENABLE_USER_SELECTED_FILES = readonly;
				GENERATE_INFOPLIST_FILE = YES;
				INFOPLIST_KEY_CFBundleExecutable = Brain3k;
				INFOPLIST_KEY_CFBundleName = Brain3k;
				INFOPLIST_KEY_CFBundleVersion = 1;
				INFOPLIST_KEY_NSHumanReadableCopyright = "";
				LD_RUNPATH_SEARCH_PATHS = (
					"$(inherited)",
					"@executable_path/../Frameworks",
				);
				MACOSX_DEPLOYMENT_TARGET = 12.0;
				MARKETING_VERSION = 0.0.1;
				OTHER_SWIFT_FLAGS = "$(inherited)";
				PRODUCT_BUNDLE_IDENTIFIER = com.brain3k.Brain3k;
				PRODUCT_NAME = Brain3k;
				PROVISIONING_PROFILE_SPECIFIER = "";
				SDKROOT = macosx;
				SWIFT_EMIT_LOC_STRINGS = YES;
				SWIFT_VERSION = 5.0;
			};
			name = Debug;
		};
		8EC6075B2688AFD1006ED3C1 /* Release */ = {
			isa = XCBuildConfiguration;
			buildSettings = {
				ASSETCATALOG_COMPILER_APPICON_NAME = AppIcon;
				ASSETCATALOG_COMPILER_GLOBAL_ACCENT_COLOR_NAME = AccentColor;
				CODE_SIGN_ENTITLEMENTS = Shared/Brain3k.entitlements;
				CODE_SIGN_IDENTITY = "Apple Distribution";
				CODE_SIGN_STYLE = Manual;
				COMBINE_HIDPI_IMAGES = YES;
				CURRENT_PROJECT_VERSION = 1;
				DEVELOPMENT_TEAM = "";
				ENABLE_APP_SANDBOX = YES;
				ENABLE_PREVIEWS = YES;
				ENABLE_USER_SELECTED_FILES = readonly;
				GENERATE_INFOPLIST_FILE = YES;
				INFOPLIST_KEY_CFBundleExecutable = Brain3k;
				INFOPLIST_KEY_CFBundleName = Brain3k;
				INFOPLIST_KEY_CFBundleVersion = 1;
				INFOPLIST_KEY_NSHumanReadableCopyright = "";
				LD_RUNPATH_SEARCH_PATHS = (
					"$(inherited)",
					"@executable_path/../Frameworks",
				);
				MACOSX_DEPLOYMENT_TARGET = 12.0;
				MARKETING_VERSION = 0.0.1;
				OTHER_SWIFT_FLAGS = "$(inherited)";
				PRODUCT_BUNDLE_IDENTIFIER = com.brain3k.Brain3k;
				PRODUCT_NAME = Brain3k;
				PROVISIONING_PROFILE_SPECIFIER = "";
				SDKROOT = macosx;
				SWIFT_EMIT_LOC_STRINGS = YES;
				SWIFT_VERSION = 5.0;
			};
			name = Release;
		};
/* End XCBuildConfiguration section */

/* Begin XCConfigurationList section */
		8EC6073E2688AFCF006ED3C1 /* Build configuration list for PBXProject "Brain3k" */ = {
			isa = XCConfigurationList;
			buildConfigurations = (
				8EC607542688AFD1006ED3C1 /* Debug */,
				8EC607552688AFD1006ED3C1 /* Release */,
			);
			defaultConfigurationIsVisible = 0;
			defaultConfigurationName = Release;
		};
		8EC607562688AFD1006ED3C1 /* Build configuration list for PBXNativeTarget "Brain3k (iOS)" */ = {
			isa = XCConfigurationList;
			buildConfigurations = (
				8EC607572688AFD1006ED3C1 /* Debug */,
				8EC607582688AFD1006ED3C1 /* Release */,
			);
			defaultConfigurationIsVisible = 0;
			defaultConfigurationName = Release;
		};
		8EC607592688AFD1006ED3C1 /* Build configuration list for PBXNativeTarget "Brain3k (macOS)" */ = {
			isa = XCConfigurationList;
			buildConfigurations = (
				8EC6075A2688AFD1006ED3C1 /* Debug */,
				8EC6075B2688AFD1006ED3C1 /* Release */,
			);
			defaultConfigurationIsVisible = 0;
			defaultConfigurationName = Release;
		};
/* End XCConfigurationList section */

/* Begin XCRemoteSwiftPackageReference section */
		8E79C13326961891002D2A8B /* XCRemoteSwiftPackageReference "MGFlipView" */ = {
			isa = XCRemoteSwiftPackageReference;
			repositoryURL = "https://github.com/Zaprogramiacz/MGFlipView";
			requirement = {
				kind = upToNextMajorVersion;
				minimumVersion = 1.0.0;
			};
		};
		8E79C14B269791EA002D2A8B /* XCRemoteSwiftPackageReference "ValidatedPropertyKit" */ = {
			isa = XCRemoteSwiftPackageReference;
			repositoryURL = "https://github.com/SvenTiigi/ValidatedPropertyKit";
			requirement = {
				kind = upToNextMajorVersion;
				minimumVersion = 0.0.5;
			};
		};
		8EC6075F2688B6B6006ED3C1 /* XCRemoteSwiftPackageReference "Parse-Swift" */ = {
			isa = XCRemoteSwiftPackageReference;
			repositoryURL = "https://github.com/parse-community/Parse-Swift";
			requirement = {
				kind = upToNextMajorVersion;
				minimumVersion = 1.0.0;
			};
		};
		8EC607652688B86B006ED3C1 /* XCRemoteSwiftPackageReference "SwiftDux" */ = {
			isa = XCRemoteSwiftPackageReference;
			repositoryURL = "https://github.com/StevenLambion/SwiftDux";
			requirement = {
				kind = upToNextMajorVersion;
				minimumVersion = 2.0.0;
			};
		};
		8EC607842688BED5006ED3C1 /* XCRemoteSwiftPackageReference "SwiftyBeaver" */ = {
			isa = XCRemoteSwiftPackageReference;
			repositoryURL = "https://github.com/SwiftyBeaver/SwiftyBeaver";
			requirement = {
				kind = upToNextMajorVersion;
				minimumVersion = 1.9.5;
			};
		};
/* End XCRemoteSwiftPackageReference section */

/* Begin XCSwiftPackageProductDependency section */
		8E79C13426961891002D2A8B /* MGFlipView */ = {
			isa = XCSwiftPackageProductDependency;
			package = 8E79C13326961891002D2A8B /* XCRemoteSwiftPackageReference "MGFlipView" */;
			productName = MGFlipView;
		};
		8E79C13626961898002D2A8B /* MGFlipView */ = {
			isa = XCSwiftPackageProductDependency;
			package = 8E79C13326961891002D2A8B /* XCRemoteSwiftPackageReference "MGFlipView" */;
			productName = MGFlipView;
		};
		8E79C14C269791EA002D2A8B /* ValidatedPropertyKit */ = {
			isa = XCSwiftPackageProductDependency;
			package = 8E79C14B269791EA002D2A8B /* XCRemoteSwiftPackageReference "ValidatedPropertyKit" */;
			productName = ValidatedPropertyKit;
		};
		8E79C14E269791F4002D2A8B /* ValidatedPropertyKit */ = {
			isa = XCSwiftPackageProductDependency;
			package = 8E79C14B269791EA002D2A8B /* XCRemoteSwiftPackageReference "ValidatedPropertyKit" */;
			productName = ValidatedPropertyKit;
		};
		8EC607602688B6B6006ED3C1 /* ParseSwift */ = {
			isa = XCSwiftPackageProductDependency;
			package = 8EC6075F2688B6B6006ED3C1 /* XCRemoteSwiftPackageReference "Parse-Swift" */;
			productName = ParseSwift;
		};
		8EC607632688B6C2006ED3C1 /* ParseSwift */ = {
			isa = XCSwiftPackageProductDependency;
			package = 8EC6075F2688B6B6006ED3C1 /* XCRemoteSwiftPackageReference "Parse-Swift" */;
			productName = ParseSwift;
		};
		8EC607662688B86B006ED3C1 /* SwiftDux */ = {
			isa = XCSwiftPackageProductDependency;
			package = 8EC607652688B86B006ED3C1 /* XCRemoteSwiftPackageReference "SwiftDux" */;
			productName = SwiftDux;
		};
		8EC607852688BED5006ED3C1 /* SwiftyBeaver */ = {
			isa = XCSwiftPackageProductDependency;
			package = 8EC607842688BED5006ED3C1 /* XCRemoteSwiftPackageReference "SwiftyBeaver" */;
			productName = SwiftyBeaver;
		};
		8EC607872688BEE0006ED3C1 /* SwiftDux */ = {
			isa = XCSwiftPackageProductDependency;
			package = 8EC607652688B86B006ED3C1 /* XCRemoteSwiftPackageReference "SwiftDux" */;
			productName = SwiftDux;
		};
		8EC607892688BEE4006ED3C1 /* SwiftyBeaver */ = {
			isa = XCSwiftPackageProductDependency;
			package = 8EC607842688BED5006ED3C1 /* XCRemoteSwiftPackageReference "SwiftyBeaver" */;
			productName = SwiftyBeaver;
		};
/* End XCSwiftPackageProductDependency section */
	};
	rootObject = 8EC6073B2688AFCF006ED3C1 /* Project object */;
}
