// !$*UTF8*$!
{
	archiveVersion = 1;
	classes = {
	};
	objectVersion = 55;
	objects = {

/* Begin PBXBuildFile section */
		8EC6074E2688AFD1006ED3C1 /* SetbeeApp.swift in Sources */ = {isa = PBXBuildFile; fileRef = 8EC607402688AFCF006ED3C1 /* SetbeeApp.swift */; };
		8EC6074F2688AFD1006ED3C1 /* SetbeeApp.swift in Sources */ = {isa = PBXBuildFile; fileRef = 8EC607402688AFCF006ED3C1 /* SetbeeApp.swift */; };
		8EC607502688AFD1006ED3C1 /* SignInView.swift in Sources */ = {isa = PBXBuildFile; fileRef = 8EC607412688AFCF006ED3C1 /* SignInView.swift */; };
		8EC607512688AFD1006ED3C1 /* SignInView.swift in Sources */ = {isa = PBXBuildFile; fileRef = 8EC607412688AFCF006ED3C1 /* SignInView.swift */; };
		8EC607522688AFD1006ED3C1 /* Assets.xcassets in Resources */ = {isa = PBXBuildFile; fileRef = 8EC607422688AFD1006ED3C1 /* Assets.xcassets */; };
		8EC607532688AFD1006ED3C1 /* Assets.xcassets in Resources */ = {isa = PBXBuildFile; fileRef = 8EC607422688AFD1006ED3C1 /* Assets.xcassets */; };
		8EC607612688B6B6006ED3C1 /* ParseSwift in Frameworks */ = {isa = PBXBuildFile; productRef = 8EC607602688B6B6006ED3C1 /* ParseSwift */; };
		8EC607642688B6C2006ED3C1 /* ParseSwift in Frameworks */ = {isa = PBXBuildFile; productRef = 8EC607632688B6C2006ED3C1 /* ParseSwift */; };
		8EC607672688B86B006ED3C1 /* SwiftDux in Frameworks */ = {isa = PBXBuildFile; productRef = 8EC607662688B86B006ED3C1 /* SwiftDux */; };
		8EC6076A2688B952006ED3C1 /* AppState.swift in Sources */ = {isa = PBXBuildFile; fileRef = 8EC607692688B952006ED3C1 /* AppState.swift */; };
		8EC6076B2688B952006ED3C1 /* AppState.swift in Sources */ = {isa = PBXBuildFile; fileRef = 8EC607692688B952006ED3C1 /* AppState.swift */; };
		8EC6076E2688B993006ED3C1 /* StateType.swift in Sources */ = {isa = PBXBuildFile; fileRef = 8EC6076D2688B993006ED3C1 /* StateType.swift */; };
		8EC6076F2688B993006ED3C1 /* StateType.swift in Sources */ = {isa = PBXBuildFile; fileRef = 8EC6076D2688B993006ED3C1 /* StateType.swift */; };
		8EC607712688BA3A006ED3C1 /* AppReducer.swift in Sources */ = {isa = PBXBuildFile; fileRef = 8EC607702688BA3A006ED3C1 /* AppReducer.swift */; };
		8EC607722688BA3A006ED3C1 /* AppReducer.swift in Sources */ = {isa = PBXBuildFile; fileRef = 8EC607702688BA3A006ED3C1 /* AppReducer.swift */; };
		8EC607752688BAD4006ED3C1 /* Item.swift in Sources */ = {isa = PBXBuildFile; fileRef = 8EC607742688BAD4006ED3C1 /* Item.swift */; };
		8EC607762688BAD4006ED3C1 /* Item.swift in Sources */ = {isa = PBXBuildFile; fileRef = 8EC607742688BAD4006ED3C1 /* Item.swift */; };
		8EC607782688BB3E006ED3C1 /* ItemsReducer.swift in Sources */ = {isa = PBXBuildFile; fileRef = 8EC607772688BB3E006ED3C1 /* ItemsReducer.swift */; };
		8EC607792688BB3E006ED3C1 /* ItemsReducer.swift in Sources */ = {isa = PBXBuildFile; fileRef = 8EC607772688BB3E006ED3C1 /* ItemsReducer.swift */; };
		8EC6077B2688BB5B006ED3C1 /* ItemsAction.swift in Sources */ = {isa = PBXBuildFile; fileRef = 8EC6077A2688BB5B006ED3C1 /* ItemsAction.swift */; };
		8EC6077C2688BB5B006ED3C1 /* ItemsAction.swift in Sources */ = {isa = PBXBuildFile; fileRef = 8EC6077A2688BB5B006ED3C1 /* ItemsAction.swift */; };
		8EC607862688BED5006ED3C1 /* SwiftyBeaver in Frameworks */ = {isa = PBXBuildFile; productRef = 8EC607852688BED5006ED3C1 /* SwiftyBeaver */; };
		8EC607882688BEE0006ED3C1 /* SwiftDux in Frameworks */ = {isa = PBXBuildFile; productRef = 8EC607872688BEE0006ED3C1 /* SwiftDux */; };
		8EC6078A2688BEE4006ED3C1 /* SwiftyBeaver in Frameworks */ = {isa = PBXBuildFile; productRef = 8EC607892688BEE4006ED3C1 /* SwiftyBeaver */; };
		8EEDD78A268BC05D00F670D2 /* AccountState.swift in Sources */ = {isa = PBXBuildFile; fileRef = 8EEDD789268BC05D00F670D2 /* AccountState.swift */; };
		8EEDD78B268BC05D00F670D2 /* AccountState.swift in Sources */ = {isa = PBXBuildFile; fileRef = 8EEDD789268BC05D00F670D2 /* AccountState.swift */; };
		8EEDD78D268BC1F600F670D2 /* AccountReducer.swift in Sources */ = {isa = PBXBuildFile; fileRef = 8EEDD78C268BC1F600F670D2 /* AccountReducer.swift */; };
		8EEDD78E268BC1F600F670D2 /* AccountReducer.swift in Sources */ = {isa = PBXBuildFile; fileRef = 8EEDD78C268BC1F600F670D2 /* AccountReducer.swift */; };
		8EEDD790268BC2AF00F670D2 /* AccountAction.swift in Sources */ = {isa = PBXBuildFile; fileRef = 8EEDD78F268BC2AF00F670D2 /* AccountAction.swift */; };
		8EEDD791268BC2AF00F670D2 /* AccountAction.swift in Sources */ = {isa = PBXBuildFile; fileRef = 8EEDD78F268BC2AF00F670D2 /* AccountAction.swift */; };
		8EEDD793268BCD9200F670D2 /* User.swift in Sources */ = {isa = PBXBuildFile; fileRef = 8EEDD792268BCD9200F670D2 /* User.swift */; };
		8EEDD794268BCD9200F670D2 /* User.swift in Sources */ = {isa = PBXBuildFile; fileRef = 8EEDD792268BCD9200F670D2 /* User.swift */; };
		8EEF35DB268CE9F40068DB58 /* ContentView.swift in Sources */ = {isa = PBXBuildFile; fileRef = 8EEF35DA268CE9F40068DB58 /* ContentView.swift */; };
		8EEF35DC268CE9F40068DB58 /* ContentView.swift in Sources */ = {isa = PBXBuildFile; fileRef = 8EEF35DA268CE9F40068DB58 /* ContentView.swift */; };
		8EEF35DE268CEA500068DB58 /* SplashScreen.swift in Sources */ = {isa = PBXBuildFile; fileRef = 8EEF35DD268CEA500068DB58 /* SplashScreen.swift */; };
		8EEF35DF268CEA500068DB58 /* SplashScreen.swift in Sources */ = {isa = PBXBuildFile; fileRef = 8EEF35DD268CEA500068DB58 /* SplashScreen.swift */; };
		8EEF35E1268CED570068DB58 /* AccountStatus.swift in Sources */ = {isa = PBXBuildFile; fileRef = 8EEF35E0268CED570068DB58 /* AccountStatus.swift */; };
		8EEF35E2268CED570068DB58 /* AccountStatus.swift in Sources */ = {isa = PBXBuildFile; fileRef = 8EEF35E0268CED570068DB58 /* AccountStatus.swift */; };
/* End PBXBuildFile section */

/* Begin PBXFileReference section */
		8EC607402688AFCF006ED3C1 /* SetbeeApp.swift */ = {isa = PBXFileReference; lastKnownFileType = sourcecode.swift; path = SetbeeApp.swift; sourceTree = "<group>"; };
		8EC607412688AFCF006ED3C1 /* SignInView.swift */ = {isa = PBXFileReference; lastKnownFileType = sourcecode.swift; path = SignInView.swift; sourceTree = "<group>"; };
		8EC607422688AFD1006ED3C1 /* Assets.xcassets */ = {isa = PBXFileReference; lastKnownFileType = folder.assetcatalog; path = Assets.xcassets; sourceTree = "<group>"; };
		8EC607472688AFD1006ED3C1 /* Setbee.app */ = {isa = PBXFileReference; explicitFileType = wrapper.application; includeInIndex = 0; path = Setbee.app; sourceTree = BUILT_PRODUCTS_DIR; };
		8EC6074D2688AFD1006ED3C1 /* Setbee.app */ = {isa = PBXFileReference; explicitFileType = wrapper.application; includeInIndex = 0; path = Setbee.app; sourceTree = BUILT_PRODUCTS_DIR; };
		8EC6075C2688B10F006ED3C1 /* README.md */ = {isa = PBXFileReference; lastKnownFileType = net.daringfireball.markdown; path = README.md; sourceTree = "<group>"; };
		8EC607692688B952006ED3C1 /* AppState.swift */ = {isa = PBXFileReference; lastKnownFileType = sourcecode.swift; path = AppState.swift; sourceTree = "<group>"; };
		8EC6076D2688B993006ED3C1 /* StateType.swift */ = {isa = PBXFileReference; lastKnownFileType = sourcecode.swift; path = StateType.swift; sourceTree = "<group>"; };
		8EC607702688BA3A006ED3C1 /* AppReducer.swift */ = {isa = PBXFileReference; lastKnownFileType = sourcecode.swift; path = AppReducer.swift; sourceTree = "<group>"; };
		8EC607742688BAD4006ED3C1 /* Item.swift */ = {isa = PBXFileReference; lastKnownFileType = sourcecode.swift; path = Item.swift; sourceTree = "<group>"; };
		8EC607772688BB3E006ED3C1 /* ItemsReducer.swift */ = {isa = PBXFileReference; lastKnownFileType = sourcecode.swift; path = ItemsReducer.swift; sourceTree = "<group>"; };
		8EC6077A2688BB5B006ED3C1 /* ItemsAction.swift */ = {isa = PBXFileReference; lastKnownFileType = sourcecode.swift; path = ItemsAction.swift; sourceTree = "<group>"; };
		8EC607812688BD92006ED3C1 /* Info.plist */ = {isa = PBXFileReference; lastKnownFileType = text.plist.xml; path = Info.plist; sourceTree = "<group>"; };
		8EC6078C268A7ED9006ED3C1 /* Setbee.entitlements */ = {isa = PBXFileReference; lastKnownFileType = text.plist.entitlements; path = Setbee.entitlements; sourceTree = "<group>"; };
		8EEDD789268BC05D00F670D2 /* AccountState.swift */ = {isa = PBXFileReference; lastKnownFileType = sourcecode.swift; path = AccountState.swift; sourceTree = "<group>"; };
		8EEDD78C268BC1F600F670D2 /* AccountReducer.swift */ = {isa = PBXFileReference; lastKnownFileType = sourcecode.swift; path = AccountReducer.swift; sourceTree = "<group>"; };
		8EEDD78F268BC2AF00F670D2 /* AccountAction.swift */ = {isa = PBXFileReference; lastKnownFileType = sourcecode.swift; path = AccountAction.swift; sourceTree = "<group>"; };
		8EEDD792268BCD9200F670D2 /* User.swift */ = {isa = PBXFileReference; lastKnownFileType = sourcecode.swift; path = User.swift; sourceTree = "<group>"; };
		8EEF35DA268CE9F40068DB58 /* ContentView.swift */ = {isa = PBXFileReference; lastKnownFileType = sourcecode.swift; path = ContentView.swift; sourceTree = "<group>"; };
		8EEF35DD268CEA500068DB58 /* SplashScreen.swift */ = {isa = PBXFileReference; lastKnownFileType = sourcecode.swift; path = SplashScreen.swift; sourceTree = "<group>"; };
		8EEF35E0268CED570068DB58 /* AccountStatus.swift */ = {isa = PBXFileReference; lastKnownFileType = sourcecode.swift; path = AccountStatus.swift; sourceTree = "<group>"; };
/* End PBXFileReference section */

/* Begin PBXFrameworksBuildPhase section */
		8EC607442688AFD1006ED3C1 /* Frameworks */ = {
			isa = PBXFrameworksBuildPhase;
			buildActionMask = 2147483647;
			files = (
				8EC607672688B86B006ED3C1 /* SwiftDux in Frameworks */,
				8EC607612688B6B6006ED3C1 /* ParseSwift in Frameworks */,
				8EC607862688BED5006ED3C1 /* SwiftyBeaver in Frameworks */,
			);
			runOnlyForDeploymentPostprocessing = 0;
		};
		8EC6074A2688AFD1006ED3C1 /* Frameworks */ = {
			isa = PBXFrameworksBuildPhase;
			buildActionMask = 2147483647;
			files = (
				8EC607882688BEE0006ED3C1 /* SwiftDux in Frameworks */,
				8EC607642688B6C2006ED3C1 /* ParseSwift in Frameworks */,
				8EC6078A2688BEE4006ED3C1 /* SwiftyBeaver in Frameworks */,
			);
			runOnlyForDeploymentPostprocessing = 0;
		};
/* End PBXFrameworksBuildPhase section */

/* Begin PBXGroup section */
		8EC6073A2688AFCF006ED3C1 = {
			isa = PBXGroup;
			children = (
				8EC6075C2688B10F006ED3C1 /* README.md */,
				8EC6073F2688AFCF006ED3C1 /* Shared */,
				8EC607822688BD9A006ED3C1 /* iOS */,
				8EC607482688AFD1006ED3C1 /* Products */,
				8EC607622688B6C2006ED3C1 /* Frameworks */,
			);
			sourceTree = "<group>";
		};
		8EC6073F2688AFCF006ED3C1 /* Shared */ = {
			isa = PBXGroup;
			children = (
				8EC6078C268A7ED9006ED3C1 /* Setbee.entitlements */,
				8EC607402688AFCF006ED3C1 /* SetbeeApp.swift */,
				8EC6078B2688C029006ED3C1 /* Views */,
				8EC6076C2688B982006ED3C1 /* Models */,
				8EC607682688B93B006ED3C1 /* SwiftDux */,
				8EC6077D2688BBDF006ED3C1 /* Extensions */,
				8EC607422688AFD1006ED3C1 /* Assets.xcassets */,
			);
			path = Shared;
			sourceTree = "<group>";
		};
		8EC607482688AFD1006ED3C1 /* Products */ = {
			isa = PBXGroup;
			children = (
				8EC607472688AFD1006ED3C1 /* Setbee.app */,
				8EC6074D2688AFD1006ED3C1 /* Setbee.app */,
			);
			name = Products;
			sourceTree = "<group>";
		};
		8EC607622688B6C2006ED3C1 /* Frameworks */ = {
			isa = PBXGroup;
			children = (
			);
			name = Frameworks;
			sourceTree = "<group>";
		};
		8EC607682688B93B006ED3C1 /* SwiftDux */ = {
			isa = PBXGroup;
			children = (
				8EEDD788268BC03100F670D2 /* Account */,
				8EC607732688BA80006ED3C1 /* Items */,
				8EC607692688B952006ED3C1 /* AppState.swift */,
				8EC607702688BA3A006ED3C1 /* AppReducer.swift */,
			);
			path = SwiftDux;
			sourceTree = "<group>";
		};
		8EC6076C2688B982006ED3C1 /* Models */ = {
			isa = PBXGroup;
			children = (
				8EC6076D2688B993006ED3C1 /* StateType.swift */,
				8EC607742688BAD4006ED3C1 /* Item.swift */,
				8EEDD792268BCD9200F670D2 /* User.swift */,
				8EEF35E0268CED570068DB58 /* AccountStatus.swift */,
			);
			path = Models;
			sourceTree = "<group>";
		};
		8EC607732688BA80006ED3C1 /* Items */ = {
			isa = PBXGroup;
			children = (
				8EC607772688BB3E006ED3C1 /* ItemsReducer.swift */,
				8EC6077A2688BB5B006ED3C1 /* ItemsAction.swift */,
			);
			path = Items;
			sourceTree = "<group>";
		};
		8EC6077D2688BBDF006ED3C1 /* Extensions */ = {
			isa = PBXGroup;
			children = (
			);
			path = Extensions;
			sourceTree = "<group>";
		};
		8EC607822688BD9A006ED3C1 /* iOS */ = {
			isa = PBXGroup;
			children = (
				8EC607812688BD92006ED3C1 /* Info.plist */,
			);
			path = iOS;
			sourceTree = "<group>";
		};
		8EC6078B2688C029006ED3C1 /* Views */ = {
			isa = PBXGroup;
			children = (
				8EEF35DD268CEA500068DB58 /* SplashScreen.swift */,
				8EC607412688AFCF006ED3C1 /* SignInView.swift */,
				8EEF35DA268CE9F40068DB58 /* ContentView.swift */,
			);
			path = Views;
			sourceTree = "<group>";
		};
		8EEDD788268BC03100F670D2 /* Account */ = {
			isa = PBXGroup;
			children = (
				8EEDD789268BC05D00F670D2 /* AccountState.swift */,
				8EEDD78C268BC1F600F670D2 /* AccountReducer.swift */,
				8EEDD78F268BC2AF00F670D2 /* AccountAction.swift */,
			);
			path = Account;
			sourceTree = "<group>";
		};
/* End PBXGroup section */

/* Begin PBXNativeTarget section */
		8EC607462688AFD1006ED3C1 /* Setbee (iOS) */ = {
			isa = PBXNativeTarget;
			buildConfigurationList = 8EC607562688AFD1006ED3C1 /* Build configuration list for PBXNativeTarget "Setbee (iOS)" */;
			buildPhases = (
				8EC607432688AFD1006ED3C1 /* Sources */,
				8EC607442688AFD1006ED3C1 /* Frameworks */,
				8EC607452688AFD1006ED3C1 /* Resources */,
			);
			buildRules = (
			);
			dependencies = (
			);
			name = "Setbee (iOS)";
			packageProductDependencies = (
				8EC607602688B6B6006ED3C1 /* ParseSwift */,
				8EC607662688B86B006ED3C1 /* SwiftDux */,
				8EC607852688BED5006ED3C1 /* SwiftyBeaver */,
			);
			productName = "Setbee (iOS)";
			productReference = 8EC607472688AFD1006ED3C1 /* Setbee.app */;
			productType = "com.apple.product-type.application";
		};
		8EC6074C2688AFD1006ED3C1 /* Setbee (macOS) */ = {
			isa = PBXNativeTarget;
			buildConfigurationList = 8EC607592688AFD1006ED3C1 /* Build configuration list for PBXNativeTarget "Setbee (macOS)" */;
			buildPhases = (
				8EC607492688AFD1006ED3C1 /* Sources */,
				8EC6074A2688AFD1006ED3C1 /* Frameworks */,
				8EC6074B2688AFD1006ED3C1 /* Resources */,
			);
			buildRules = (
			);
			dependencies = (
			);
			name = "Setbee (macOS)";
			packageProductDependencies = (
				8EC607632688B6C2006ED3C1 /* ParseSwift */,
				8EC607872688BEE0006ED3C1 /* SwiftDux */,
				8EC607892688BEE4006ED3C1 /* SwiftyBeaver */,
			);
			productName = "Setbee (macOS)";
			productReference = 8EC6074D2688AFD1006ED3C1 /* Setbee.app */;
			productType = "com.apple.product-type.application";
		};
/* End PBXNativeTarget section */

/* Begin PBXProject section */
		8EC6073B2688AFCF006ED3C1 /* Project object */ = {
			isa = PBXProject;
			attributes = {
				BuildIndependentTargetsInParallel = 1;
				LastSwiftUpdateCheck = 1300;
				LastUpgradeCheck = 1300;
				TargetAttributes = {
					8EC607462688AFD1006ED3C1 = {
						CreatedOnToolsVersion = 13.0;
					};
					8EC6074C2688AFD1006ED3C1 = {
						CreatedOnToolsVersion = 13.0;
					};
				};
			};
			buildConfigurationList = 8EC6073E2688AFCF006ED3C1 /* Build configuration list for PBXProject "Setbee" */;
			compatibilityVersion = "Xcode 13.0";
			developmentRegion = en;
			hasScannedForEncodings = 0;
			knownRegions = (
				en,
				Base,
			);
			mainGroup = 8EC6073A2688AFCF006ED3C1;
			packageReferences = (
				8EC6075F2688B6B6006ED3C1 /* XCRemoteSwiftPackageReference "Parse-Swift" */,
				8EC607652688B86B006ED3C1 /* XCRemoteSwiftPackageReference "SwiftDux" */,
				8EC607842688BED5006ED3C1 /* XCRemoteSwiftPackageReference "SwiftyBeaver" */,
			);
			productRefGroup = 8EC607482688AFD1006ED3C1 /* Products */;
			projectDirPath = "";
			projectRoot = "";
			targets = (
				8EC607462688AFD1006ED3C1 /* Setbee (iOS) */,
				8EC6074C2688AFD1006ED3C1 /* Setbee (macOS) */,
			);
		};
/* End PBXProject section */

/* Begin PBXResourcesBuildPhase section */
		8EC607452688AFD1006ED3C1 /* Resources */ = {
			isa = PBXResourcesBuildPhase;
			buildActionMask = 2147483647;
			files = (
				8EC607522688AFD1006ED3C1 /* Assets.xcassets in Resources */,
			);
			runOnlyForDeploymentPostprocessing = 0;
		};
		8EC6074B2688AFD1006ED3C1 /* Resources */ = {
			isa = PBXResourcesBuildPhase;
			buildActionMask = 2147483647;
			files = (
				8EC607532688AFD1006ED3C1 /* Assets.xcassets in Resources */,
			);
			runOnlyForDeploymentPostprocessing = 0;
		};
/* End PBXResourcesBuildPhase section */

/* Begin PBXSourcesBuildPhase section */
		8EC607432688AFD1006ED3C1 /* Sources */ = {
			isa = PBXSourcesBuildPhase;
			buildActionMask = 2147483647;
			files = (
				8EC6076A2688B952006ED3C1 /* AppState.swift in Sources */,
				8EEDD78A268BC05D00F670D2 /* AccountState.swift in Sources */,
				8EEF35DE268CEA500068DB58 /* SplashScreen.swift in Sources */,
				8EEDD790268BC2AF00F670D2 /* AccountAction.swift in Sources */,
				8EEDD78D268BC1F600F670D2 /* AccountReducer.swift in Sources */,
				8EEF35E1268CED570068DB58 /* AccountStatus.swift in Sources */,
				8EC6076E2688B993006ED3C1 /* StateType.swift in Sources */,
				8EC607502688AFD1006ED3C1 /* SignInView.swift in Sources */,
				8EC6074E2688AFD1006ED3C1 /* SetbeeApp.swift in Sources */,
				8EC6077B2688BB5B006ED3C1 /* ItemsAction.swift in Sources */,
				8EEDD793268BCD9200F670D2 /* User.swift in Sources */,
				8EC607752688BAD4006ED3C1 /* Item.swift in Sources */,
				8EEF35DB268CE9F40068DB58 /* ContentView.swift in Sources */,
				8EC607782688BB3E006ED3C1 /* ItemsReducer.swift in Sources */,
				8EC607712688BA3A006ED3C1 /* AppReducer.swift in Sources */,
			);
			runOnlyForDeploymentPostprocessing = 0;
		};
		8EC607492688AFD1006ED3C1 /* Sources */ = {
			isa = PBXSourcesBuildPhase;
			buildActionMask = 2147483647;
			files = (
				8EC6076B2688B952006ED3C1 /* AppState.swift in Sources */,
				8EEDD78B268BC05D00F670D2 /* AccountState.swift in Sources */,
				8EEF35DF268CEA500068DB58 /* SplashScreen.swift in Sources */,
				8EEDD791268BC2AF00F670D2 /* AccountAction.swift in Sources */,
				8EEDD78E268BC1F600F670D2 /* AccountReducer.swift in Sources */,
				8EEF35E2268CED570068DB58 /* AccountStatus.swift in Sources */,
				8EC6076F2688B993006ED3C1 /* StateType.swift in Sources */,
				8EC607512688AFD1006ED3C1 /* SignInView.swift in Sources */,
				8EC6074F2688AFD1006ED3C1 /* SetbeeApp.swift in Sources */,
				8EC6077C2688BB5B006ED3C1 /* ItemsAction.swift in Sources */,
				8EEDD794268BCD9200F670D2 /* User.swift in Sources */,
				8EC607762688BAD4006ED3C1 /* Item.swift in Sources */,
				8EEF35DC268CE9F40068DB58 /* ContentView.swift in Sources */,
				8EC607792688BB3E006ED3C1 /* ItemsReducer.swift in Sources */,
				8EC607722688BA3A006ED3C1 /* AppReducer.swift in Sources */,
			);
			runOnlyForDeploymentPostprocessing = 0;
		};
/* End PBXSourcesBuildPhase section */

/* Begin XCBuildConfiguration section */
		8EC607542688AFD1006ED3C1 /* Debug */ = {
			isa = XCBuildConfiguration;
			buildSettings = {
				ALWAYS_SEARCH_USER_PATHS = NO;
				CLANG_ANALYZER_NONNULL = YES;
				CLANG_ANALYZER_NUMBER_OBJECT_CONVERSION = YES_AGGRESSIVE;
				CLANG_CXX_LANGUAGE_STANDARD = "gnu++14";
				CLANG_CXX_LIBRARY = "libc++";
				CLANG_ENABLE_MODULES = YES;
				CLANG_ENABLE_OBJC_ARC = YES;
				CLANG_ENABLE_OBJC_WEAK = YES;
				CLANG_WARN_BLOCK_CAPTURE_AUTORELEASING = YES;
				CLANG_WARN_BOOL_CONVERSION = YES;
				CLANG_WARN_COMMA = YES;
				CLANG_WARN_CONSTANT_CONVERSION = YES;
				CLANG_WARN_DEPRECATED_OBJC_IMPLEMENTATIONS = YES;
				CLANG_WARN_DIRECT_OBJC_ISA_USAGE = YES_ERROR;
				CLANG_WARN_DOCUMENTATION_COMMENTS = YES;
				CLANG_WARN_EMPTY_BODY = YES;
				CLANG_WARN_ENUM_CONVERSION = YES;
				CLANG_WARN_INFINITE_RECURSION = YES;
				CLANG_WARN_INT_CONVERSION = YES;
				CLANG_WARN_NON_LITERAL_NULL_CONVERSION = YES;
				CLANG_WARN_OBJC_IMPLICIT_RETAIN_SELF = YES;
				CLANG_WARN_OBJC_LITERAL_CONVERSION = YES;
				CLANG_WARN_OBJC_ROOT_CLASS = YES_ERROR;
				CLANG_WARN_QUOTED_INCLUDE_IN_FRAMEWORK_HEADER = YES;
				CLANG_WARN_RANGE_LOOP_ANALYSIS = YES;
				CLANG_WARN_STRICT_PROTOTYPES = YES;
				CLANG_WARN_SUSPICIOUS_MOVE = YES;
				CLANG_WARN_UNGUARDED_AVAILABILITY = YES_AGGRESSIVE;
				CLANG_WARN_UNREACHABLE_CODE = YES;
				CLANG_WARN__DUPLICATE_METHOD_MATCH = YES;
				COPY_PHASE_STRIP = NO;
				DEBUG_INFORMATION_FORMAT = dwarf;
				ENABLE_STRICT_OBJC_MSGSEND = YES;
				ENABLE_TESTABILITY = YES;
				GCC_C_LANGUAGE_STANDARD = gnu11;
				GCC_DYNAMIC_NO_PIC = NO;
				GCC_NO_COMMON_BLOCKS = YES;
				GCC_OPTIMIZATION_LEVEL = 0;
				GCC_PREPROCESSOR_DEFINITIONS = (
					"DEBUG=1",
					"$(inherited)",
				);
				GCC_WARN_64_TO_32_BIT_CONVERSION = YES;
				GCC_WARN_ABOUT_RETURN_TYPE = YES_ERROR;
				GCC_WARN_UNDECLARED_SELECTOR = YES;
				GCC_WARN_UNINITIALIZED_AUTOS = YES_AGGRESSIVE;
				GCC_WARN_UNUSED_FUNCTION = YES;
				GCC_WARN_UNUSED_VARIABLE = YES;
				MTL_ENABLE_DEBUG_INFO = INCLUDE_SOURCE;
				MTL_FAST_MATH = YES;
				ONLY_ACTIVE_ARCH = YES;
				OTHER_SWIFT_FLAGS = "-DDebug";
				SWIFT_ACTIVE_COMPILATION_CONDITIONS = DEBUG;
				SWIFT_OPTIMIZATION_LEVEL = "-Onone";
			};
			name = Debug;
		};
		8EC607552688AFD1006ED3C1 /* Release */ = {
			isa = XCBuildConfiguration;
			buildSettings = {
				ALWAYS_SEARCH_USER_PATHS = NO;
				CLANG_ANALYZER_NONNULL = YES;
				CLANG_ANALYZER_NUMBER_OBJECT_CONVERSION = YES_AGGRESSIVE;
				CLANG_CXX_LANGUAGE_STANDARD = "gnu++14";
				CLANG_CXX_LIBRARY = "libc++";
				CLANG_ENABLE_MODULES = YES;
				CLANG_ENABLE_OBJC_ARC = YES;
				CLANG_ENABLE_OBJC_WEAK = YES;
				CLANG_WARN_BLOCK_CAPTURE_AUTORELEASING = YES;
				CLANG_WARN_BOOL_CONVERSION = YES;
				CLANG_WARN_COMMA = YES;
				CLANG_WARN_CONSTANT_CONVERSION = YES;
				CLANG_WARN_DEPRECATED_OBJC_IMPLEMENTATIONS = YES;
				CLANG_WARN_DIRECT_OBJC_ISA_USAGE = YES_ERROR;
				CLANG_WARN_DOCUMENTATION_COMMENTS = YES;
				CLANG_WARN_EMPTY_BODY = YES;
				CLANG_WARN_ENUM_CONVERSION = YES;
				CLANG_WARN_INFINITE_RECURSION = YES;
				CLANG_WARN_INT_CONVERSION = YES;
				CLANG_WARN_NON_LITERAL_NULL_CONVERSION = YES;
				CLANG_WARN_OBJC_IMPLICIT_RETAIN_SELF = YES;
				CLANG_WARN_OBJC_LITERAL_CONVERSION = YES;
				CLANG_WARN_OBJC_ROOT_CLASS = YES_ERROR;
				CLANG_WARN_QUOTED_INCLUDE_IN_FRAMEWORK_HEADER = YES;
				CLANG_WARN_RANGE_LOOP_ANALYSIS = YES;
				CLANG_WARN_STRICT_PROTOTYPES = YES;
				CLANG_WARN_SUSPICIOUS_MOVE = YES;
				CLANG_WARN_UNGUARDED_AVAILABILITY = YES_AGGRESSIVE;
				CLANG_WARN_UNREACHABLE_CODE = YES;
				CLANG_WARN__DUPLICATE_METHOD_MATCH = YES;
				COPY_PHASE_STRIP = NO;
				DEBUG_INFORMATION_FORMAT = "dwarf-with-dsym";
				ENABLE_NS_ASSERTIONS = NO;
				ENABLE_STRICT_OBJC_MSGSEND = YES;
				GCC_C_LANGUAGE_STANDARD = gnu11;
				GCC_NO_COMMON_BLOCKS = YES;
				GCC_WARN_64_TO_32_BIT_CONVERSION = YES;
				GCC_WARN_ABOUT_RETURN_TYPE = YES_ERROR;
				GCC_WARN_UNDECLARED_SELECTOR = YES;
				GCC_WARN_UNINITIALIZED_AUTOS = YES_AGGRESSIVE;
				GCC_WARN_UNUSED_FUNCTION = YES;
				GCC_WARN_UNUSED_VARIABLE = YES;
				MTL_ENABLE_DEBUG_INFO = NO;
				MTL_FAST_MATH = YES;
				SWIFT_COMPILATION_MODE = wholemodule;
				SWIFT_OPTIMIZATION_LEVEL = "-O";
			};
			name = Release;
		};
		8EC607572688AFD1006ED3C1 /* Debug */ = {
			isa = XCBuildConfiguration;
			buildSettings = {
				ASSETCATALOG_COMPILER_APPICON_NAME = AppIcon;
				ASSETCATALOG_COMPILER_GLOBAL_ACCENT_COLOR_NAME = AccentColor;
				CODE_SIGN_ENTITLEMENTS = Shared/Setbee.entitlements;
				CODE_SIGN_IDENTITY = "Apple Development";
				CODE_SIGN_STYLE = Manual;
				CURRENT_PROJECT_VERSION = 1;
				DEVELOPMENT_TEAM = V3QMW7D5T5;
				ENABLE_PREVIEWS = YES;
				GENERATE_INFOPLIST_FILE = YES;
				INFOPLIST_FILE = iOS/Info.plist;
				INFOPLIST_KEY_CFBundleExecutable = Setbee;
				INFOPLIST_KEY_CFBundleName = Setbee;
				INFOPLIST_KEY_CFBundleVersion = 1;
				INFOPLIST_KEY_UIApplicationSceneManifest_Generation = YES;
				INFOPLIST_KEY_UIApplicationSupportsIndirectInputEvents = YES;
				INFOPLIST_KEY_UILaunchScreen_Generation = YES;
				INFOPLIST_KEY_UISupportedInterfaceOrientations_iPad = "UIInterfaceOrientationPortrait UIInterfaceOrientationPortraitUpsideDown UIInterfaceOrientationLandscapeLeft UIInterfaceOrientationLandscapeRight";
				INFOPLIST_KEY_UISupportedInterfaceOrientations_iPhone = "UIInterfaceOrientationPortrait UIInterfaceOrientationLandscapeLeft UIInterfaceOrientationLandscapeRight";
				IPHONEOS_DEPLOYMENT_TARGET = 15.0;
				LD_RUNPATH_SEARCH_PATHS = (
					"$(inherited)",
					"@executable_path/Frameworks",
				);
				MARKETING_VERSION = 0.0.1;
				OTHER_SWIFT_FLAGS = "$(inherited)";
				PRODUCT_BUNDLE_IDENTIFIER = com.setbee.Setbee;
				PRODUCT_NAME = Setbee;
				PROVISIONING_PROFILE_SPECIFIER = "match Development com.setbee.Setbee";
				SDKROOT = iphoneos;
				SWIFT_EMIT_LOC_STRINGS = YES;
				SWIFT_VERSION = 5.0;
				TARGETED_DEVICE_FAMILY = "1,2";
			};
			name = Debug;
		};
		8EC607582688AFD1006ED3C1 /* Release */ = {
			isa = XCBuildConfiguration;
			buildSettings = {
				ASSETCATALOG_COMPILER_APPICON_NAME = AppIcon;
				ASSETCATALOG_COMPILER_GLOBAL_ACCENT_COLOR_NAME = AccentColor;
				CODE_SIGN_ENTITLEMENTS = Shared/Setbee.entitlements;
				CODE_SIGN_IDENTITY = "Apple Distribution";
				CODE_SIGN_STYLE = Manual;
				CURRENT_PROJECT_VERSION = 1;
				DEVELOPMENT_TEAM = V3QMW7D5T5;
				ENABLE_PREVIEWS = YES;
				GENERATE_INFOPLIST_FILE = YES;
				INFOPLIST_FILE = iOS/Info.plist;
				INFOPLIST_KEY_CFBundleExecutable = Setbee;
				INFOPLIST_KEY_CFBundleName = Setbee;
				INFOPLIST_KEY_CFBundleVersion = 1;
				INFOPLIST_KEY_UIApplicationSceneManifest_Generation = YES;
				INFOPLIST_KEY_UIApplicationSupportsIndirectInputEvents = YES;
				INFOPLIST_KEY_UILaunchScreen_Generation = YES;
				INFOPLIST_KEY_UISupportedInterfaceOrientations_iPad = "UIInterfaceOrientationPortrait UIInterfaceOrientationPortraitUpsideDown UIInterfaceOrientationLandscapeLeft UIInterfaceOrientationLandscapeRight";
				INFOPLIST_KEY_UISupportedInterfaceOrientations_iPhone = "UIInterfaceOrientationPortrait UIInterfaceOrientationLandscapeLeft UIInterfaceOrientationLandscapeRight";
				IPHONEOS_DEPLOYMENT_TARGET = 15.0;
				LD_RUNPATH_SEARCH_PATHS = (
					"$(inherited)",
					"@executable_path/Frameworks",
				);
				MARKETING_VERSION = 0.0.1;
				OTHER_SWIFT_FLAGS = "$(inherited)";
				PRODUCT_BUNDLE_IDENTIFIER = com.setbee.Setbee;
				PRODUCT_NAME = Setbee;
				PROVISIONING_PROFILE_SPECIFIER = "match AppStore com.setbee.Setbee";
				SDKROOT = iphoneos;
				SWIFT_EMIT_LOC_STRINGS = YES;
				SWIFT_VERSION = 5.0;
				TARGETED_DEVICE_FAMILY = "1,2";
				VALIDATE_PRODUCT = YES;
			};
			name = Release;
		};
		8EC6075A2688AFD1006ED3C1 /* Debug */ = {
			isa = XCBuildConfiguration;
			buildSettings = {
				ASSETCATALOG_COMPILER_APPICON_NAME = AppIcon;
				ASSETCATALOG_COMPILER_GLOBAL_ACCENT_COLOR_NAME = AccentColor;
				CODE_SIGN_ENTITLEMENTS = Shared/Setbee.entitlements;
				CODE_SIGN_IDENTITY = "Apple Development";
				CODE_SIGN_STYLE = Manual;
				COMBINE_HIDPI_IMAGES = YES;
				CURRENT_PROJECT_VERSION = 1;
				DEVELOPMENT_TEAM = "";
				ENABLE_APP_SANDBOX = YES;
				ENABLE_PREVIEWS = YES;
				ENABLE_USER_SELECTED_FILES = readonly;
				GENERATE_INFOPLIST_FILE = YES;
				INFOPLIST_KEY_CFBundleExecutable = Setbee;
				INFOPLIST_KEY_CFBundleName = Setbee;
				INFOPLIST_KEY_CFBundleVersion = 1;
				INFOPLIST_KEY_NSHumanReadableCopyright = "";
				LD_RUNPATH_SEARCH_PATHS = (
					"$(inherited)",
					"@executable_path/../Frameworks",
				);
				MACOSX_DEPLOYMENT_TARGET = 12.0;
				MARKETING_VERSION = 0.0.1;
				OTHER_SWIFT_FLAGS = "$(inherited)";
				PRODUCT_BUNDLE_IDENTIFIER = com.setbee.Setbee;
				PRODUCT_NAME = Setbee;
				PROVISIONING_PROFILE_SPECIFIER = "";
				SDKROOT = macosx;
				SWIFT_EMIT_LOC_STRINGS = YES;
				SWIFT_VERSION = 5.0;
			};
			name = Debug;
		};
		8EC6075B2688AFD1006ED3C1 /* Release */ = {
			isa = XCBuildConfiguration;
			buildSettings = {
				ASSETCATALOG_COMPILER_APPICON_NAME = AppIcon;
				ASSETCATALOG_COMPILER_GLOBAL_ACCENT_COLOR_NAME = AccentColor;
				CODE_SIGN_ENTITLEMENTS = Shared/Setbee.entitlements;
				CODE_SIGN_IDENTITY = "Apple Distribution";
				CODE_SIGN_STYLE = Manual;
				COMBINE_HIDPI_IMAGES = YES;
				CURRENT_PROJECT_VERSION = 1;
				DEVELOPMENT_TEAM = "";
				ENABLE_APP_SANDBOX = YES;
				ENABLE_PREVIEWS = YES;
				ENABLE_USER_SELECTED_FILES = readonly;
				GENERATE_INFOPLIST_FILE = YES;
				INFOPLIST_KEY_CFBundleExecutable = Setbee;
				INFOPLIST_KEY_CFBundleName = Setbee;
				INFOPLIST_KEY_CFBundleVersion = 1;
				INFOPLIST_KEY_NSHumanReadableCopyright = "";
				LD_RUNPATH_SEARCH_PATHS = (
					"$(inherited)",
					"@executable_path/../Frameworks",
				);
				MACOSX_DEPLOYMENT_TARGET = 12.0;
				MARKETING_VERSION = 0.0.1;
				OTHER_SWIFT_FLAGS = "$(inherited)";
				PRODUCT_BUNDLE_IDENTIFIER = com.setbee.Setbee;
				PRODUCT_NAME = Setbee;
				PROVISIONING_PROFILE_SPECIFIER = "";
				SDKROOT = macosx;
				SWIFT_EMIT_LOC_STRINGS = YES;
				SWIFT_VERSION = 5.0;
			};
			name = Release;
		};
/* End XCBuildConfiguration section */

/* Begin XCConfigurationList section */
		8EC6073E2688AFCF006ED3C1 /* Build configuration list for PBXProject "Setbee" */ = {
			isa = XCConfigurationList;
			buildConfigurations = (
				8EC607542688AFD1006ED3C1 /* Debug */,
				8EC607552688AFD1006ED3C1 /* Release */,
			);
			defaultConfigurationIsVisible = 0;
			defaultConfigurationName = Release;
		};
		8EC607562688AFD1006ED3C1 /* Build configuration list for PBXNativeTarget "Setbee (iOS)" */ = {
			isa = XCConfigurationList;
			buildConfigurations = (
				8EC607572688AFD1006ED3C1 /* Debug */,
				8EC607582688AFD1006ED3C1 /* Release */,
			);
			defaultConfigurationIsVisible = 0;
			defaultConfigurationName = Release;
		};
		8EC607592688AFD1006ED3C1 /* Build configuration list for PBXNativeTarget "Setbee (macOS)" */ = {
			isa = XCConfigurationList;
			buildConfigurations = (
				8EC6075A2688AFD1006ED3C1 /* Debug */,
				8EC6075B2688AFD1006ED3C1 /* Release */,
			);
			defaultConfigurationIsVisible = 0;
			defaultConfigurationName = Release;
		};
/* End XCConfigurationList section */

/* Begin XCRemoteSwiftPackageReference section */
		8EC6075F2688B6B6006ED3C1 /* XCRemoteSwiftPackageReference "Parse-Swift" */ = {
			isa = XCRemoteSwiftPackageReference;
			repositoryURL = "https://github.com/parse-community/Parse-Swift";
			requirement = {
				kind = upToNextMajorVersion;
				minimumVersion = 1.0.0;
			};
		};
		8EC607652688B86B006ED3C1 /* XCRemoteSwiftPackageReference "SwiftDux" */ = {
			isa = XCRemoteSwiftPackageReference;
			repositoryURL = "https://github.com/StevenLambion/SwiftDux";
			requirement = {
				kind = upToNextMajorVersion;
				minimumVersion = 2.0.0;
			};
		};
		8EC607842688BED5006ED3C1 /* XCRemoteSwiftPackageReference "SwiftyBeaver" */ = {
			isa = XCRemoteSwiftPackageReference;
			repositoryURL = "https://github.com/SwiftyBeaver/SwiftyBeaver";
			requirement = {
				kind = upToNextMajorVersion;
				minimumVersion = 1.9.5;
			};
		};
/* End XCRemoteSwiftPackageReference section */

/* Begin XCSwiftPackageProductDependency section */
		8EC607602688B6B6006ED3C1 /* ParseSwift */ = {
			isa = XCSwiftPackageProductDependency;
			package = 8EC6075F2688B6B6006ED3C1 /* XCRemoteSwiftPackageReference "Parse-Swift" */;
			productName = ParseSwift;
		};
		8EC607632688B6C2006ED3C1 /* ParseSwift */ = {
			isa = XCSwiftPackageProductDependency;
			package = 8EC6075F2688B6B6006ED3C1 /* XCRemoteSwiftPackageReference "Parse-Swift" */;
			productName = ParseSwift;
		};
		8EC607662688B86B006ED3C1 /* SwiftDux */ = {
			isa = XCSwiftPackageProductDependency;
			package = 8EC607652688B86B006ED3C1 /* XCRemoteSwiftPackageReference "SwiftDux" */;
			productName = SwiftDux;
		};
		8EC607852688BED5006ED3C1 /* SwiftyBeaver */ = {
			isa = XCSwiftPackageProductDependency;
			package = 8EC607842688BED5006ED3C1 /* XCRemoteSwiftPackageReference "SwiftyBeaver" */;
			productName = SwiftyBeaver;
		};
		8EC607872688BEE0006ED3C1 /* SwiftDux */ = {
			isa = XCSwiftPackageProductDependency;
			package = 8EC607652688B86B006ED3C1 /* XCRemoteSwiftPackageReference "SwiftDux" */;
			productName = SwiftDux;
		};
		8EC607892688BEE4006ED3C1 /* SwiftyBeaver */ = {
			isa = XCSwiftPackageProductDependency;
			package = 8EC607842688BED5006ED3C1 /* XCRemoteSwiftPackageReference "SwiftyBeaver" */;
			productName = SwiftyBeaver;
		};
/* End XCSwiftPackageProductDependency section */
	};
	rootObject = 8EC6073B2688AFCF006ED3C1 /* Project object */;
}
